// !$*UTF8*$!
{
	archiveVersion = 1;
	classes = {
	};
	objectVersion = 46;
	objects = {

/* Begin PBXAggregateTarget section */
		05BD79F71B8C10A900329BF0 /* Mogenerator */ = {
			isa = PBXAggregateTarget;
			buildConfigurationList = 05BD79FA1B8C10A900329BF0 /* Build configuration list for PBXAggregateTarget "Mogenerator" */;
			buildPhases = (
				05BD79FB1B8C10C300329BF0 /* Run Script */,
			);
			dependencies = (
			);
			name = Mogenerator;
			productName = Mogenerator;
		};
/* End PBXAggregateTarget section */

/* Begin PBXBuildFile section */
		050BC36B1B799D0E00A35EFD /* main.m in Sources */ = {isa = PBXBuildFile; fileRef = 050BC36A1B799D0E00A35EFD /* main.m */; };
		050BC36E1B799D0E00A35EFD /* AppDelegate.m in Sources */ = {isa = PBXBuildFile; fileRef = 050BC36D1B799D0E00A35EFD /* AppDelegate.m */; };
		050BC3761B799D0F00A35EFD /* Images.xcassets in Resources */ = {isa = PBXBuildFile; fileRef = 050BC3751B799D0F00A35EFD /* Images.xcassets */; };
		050BC3791B799D0F00A35EFD /* LaunchScreen.xib in Resources */ = {isa = PBXBuildFile; fileRef = 050BC3771B799D0F00A35EFD /* LaunchScreen.xib */; };
		050BC3851B799D0F00A35EFD /* teamakerTests.m in Sources */ = {isa = PBXBuildFile; fileRef = 050BC3841B799D0F00A35EFD /* teamakerTests.m */; };
		051A46B61BA14486004EC14D /* _TMFeed.m in Sources */ = {isa = PBXBuildFile; fileRef = 051A469B1BA14486004EC14D /* _TMFeed.m */; };
		051A46B71BA14486004EC14D /* _TMFeedComment.m in Sources */ = {isa = PBXBuildFile; fileRef = 051A469D1BA14486004EC14D /* _TMFeedComment.m */; };
		051A46B81BA14486004EC14D /* _TMPunch.m in Sources */ = {isa = PBXBuildFile; fileRef = 051A469F1BA14486004EC14D /* _TMPunch.m */; };
		051A46B91BA14486004EC14D /* _TMTeam.m in Sources */ = {isa = PBXBuildFile; fileRef = 051A46A11BA14486004EC14D /* _TMTeam.m */; };
		051A46BA1BA14486004EC14D /* _TMTeamUserInfo.m in Sources */ = {isa = PBXBuildFile; fileRef = 051A46A31BA14486004EC14D /* _TMTeamUserInfo.m */; };
		051A46BB1BA14486004EC14D /* _TMUser.m in Sources */ = {isa = PBXBuildFile; fileRef = 051A46A51BA14486004EC14D /* _TMUser.m */; };
		051A46BC1BA14486004EC14D /* _TMUserLikeFeed.m in Sources */ = {isa = PBXBuildFile; fileRef = 051A46A71BA14486004EC14D /* _TMUserLikeFeed.m */; };
		051A46BD1BA14486004EC14D /* TMFeed.m in Sources */ = {isa = PBXBuildFile; fileRef = 051A46A91BA14486004EC14D /* TMFeed.m */; };
		051A46BE1BA14486004EC14D /* TMFeedComment.m in Sources */ = {isa = PBXBuildFile; fileRef = 051A46AB1BA14486004EC14D /* TMFeedComment.m */; };
		051A46BF1BA14486004EC14D /* TMPunch.m in Sources */ = {isa = PBXBuildFile; fileRef = 051A46AD1BA14486004EC14D /* TMPunch.m */; };
		051A46C01BA14486004EC14D /* TMTeam.m in Sources */ = {isa = PBXBuildFile; fileRef = 051A46AF1BA14486004EC14D /* TMTeam.m */; };
		051A46C11BA14486004EC14D /* TMTeamUserInfo.m in Sources */ = {isa = PBXBuildFile; fileRef = 051A46B11BA14486004EC14D /* TMTeamUserInfo.m */; };
		051A46C21BA14486004EC14D /* TMUser.m in Sources */ = {isa = PBXBuildFile; fileRef = 051A46B31BA14486004EC14D /* TMUser.m */; };
		051A46C31BA14486004EC14D /* TMUserLikeFeed.m in Sources */ = {isa = PBXBuildFile; fileRef = 051A46B51BA14486004EC14D /* TMUserLikeFeed.m */; };
		051A46C61BA14CF6004EC14D /* FeedCommentsView.m in Sources */ = {isa = PBXBuildFile; fileRef = 051A46C51BA14CF6004EC14D /* FeedCommentsView.m */; };
		0530824C1B8482A8008C6C16 /* MapKit.framework in Frameworks */ = {isa = PBXBuildFile; fileRef = 0530824B1B8482A8008C6C16 /* MapKit.framework */; };
		0537175E1B94041E00A92A7D /* JoinTeamMenu.m in Sources */ = {isa = PBXBuildFile; fileRef = 0537175D1B94041E00A92A7D /* JoinTeamMenu.m */; };
		053717631B941B6000A92A7D /* TeamDetailsViewController.m in Sources */ = {isa = PBXBuildFile; fileRef = 053717601B941B6000A92A7D /* TeamDetailsViewController.m */; };
		053717641B941B6000A92A7D /* TeamProfileViewController.m in Sources */ = {isa = PBXBuildFile; fileRef = 053717621B941B6000A92A7D /* TeamProfileViewController.m */; };
		053717671B941B6B00A92A7D /* FeedViewController.m in Sources */ = {isa = PBXBuildFile; fileRef = 053717661B941B6B00A92A7D /* FeedViewController.m */; };
		053717701B941B8000A92A7D /* MyDetailsViewController.m in Sources */ = {isa = PBXBuildFile; fileRef = 053717691B941B8000A92A7D /* MyDetailsViewController.m */; };
		053717711B941B8000A92A7D /* MyProfileViewController.m in Sources */ = {isa = PBXBuildFile; fileRef = 0537176B1B941B8000A92A7D /* MyProfileViewController.m */; };
		053717721B941B8000A92A7D /* MySettingsViewController.m in Sources */ = {isa = PBXBuildFile; fileRef = 0537176D1B941B8000A92A7D /* MySettingsViewController.m */; };
		053717731B941B8000A92A7D /* UserProfileViewController.m in Sources */ = {isa = PBXBuildFile; fileRef = 0537176F1B941B8000A92A7D /* UserProfileViewController.m */; };
		053717811B941BA500A92A7D /* CaptureViewController.m in Sources */ = {isa = PBXBuildFile; fileRef = 053717751B941BA500A92A7D /* CaptureViewController.m */; };
		053717821B941BA500A92A7D /* ComposeViewController.m in Sources */ = {isa = PBXBuildFile; fileRef = 053717771B941BA500A92A7D /* ComposeViewController.m */; };
		053717851B941BA500A92A7D /* PunchViewController.m in Sources */ = {isa = PBXBuildFile; fileRef = 0537177E1B941BA500A92A7D /* PunchViewController.m */; };
		053717861B941BA500A92A7D /* TextViewController.m in Sources */ = {isa = PBXBuildFile; fileRef = 053717801B941BA500A92A7D /* TextViewController.m */; };
		053717891B941BB400A92A7D /* ViewController.m in Sources */ = {isa = PBXBuildFile; fileRef = 053717881B941BB400A92A7D /* ViewController.m */; };
		0537178C1B941BF100A92A7D /* Main.storyboard in Resources */ = {isa = PBXBuildFile; fileRef = 0537178A1B941BF100A92A7D /* Main.storyboard */; };
		0537178F1B941C3300A92A7D /* CreateTeamViewController.m in Sources */ = {isa = PBXBuildFile; fileRef = 0537178E1B941C3300A92A7D /* CreateTeamViewController.m */; };
		053717921B941C4C00A92A7D /* JoinTeamViewController.m in Sources */ = {isa = PBXBuildFile; fileRef = 053717911B941C4C00A92A7D /* JoinTeamViewController.m */; };
		055917481B9EE03C0036B6E9 /* TeamStarredFeedsViewController.m in Sources */ = {isa = PBXBuildFile; fileRef = 055917471B9EE03C0036B6E9 /* TeamStarredFeedsViewController.m */; };
		0559174E1B9EEE630036B6E9 /* UIImageView+Helper.m in Sources */ = {isa = PBXBuildFile; fileRef = 0559174D1B9EEE630036B6E9 /* UIImageView+Helper.m */; };
		0573DC431B90CC0B00A670B4 /* FeedTableViewCell.m in Sources */ = {isa = PBXBuildFile; fileRef = 0573DC3B1B90CC0B00A670B4 /* FeedTableViewCell.m */; };
		0573DC441B90CC0B00A670B4 /* PunchTableViewCell.m in Sources */ = {isa = PBXBuildFile; fileRef = 0573DC3E1B90CC0B00A670B4 /* PunchTableViewCell.m */; };
		0573DC451B90CC0B00A670B4 /* TeamButtons.m in Sources */ = {isa = PBXBuildFile; fileRef = 0573DC401B90CC0B00A670B4 /* TeamButtons.m */; };
		0573DC461B90CC0B00A670B4 /* TeamMemberCollectionViewCell.m in Sources */ = {isa = PBXBuildFile; fileRef = 0573DC421B90CC0B00A670B4 /* TeamMemberCollectionViewCell.m */; };
		057708361B9D3E710001CA87 /* AddTeamMemberViewController.m in Sources */ = {isa = PBXBuildFile; fileRef = 057708351B9D3E710001CA87 /* AddTeamMemberViewController.m */; };
		0577083B1B9DAC080001CA87 /* AddTeamMemberTableViewCell.m in Sources */ = {isa = PBXBuildFile; fileRef = 0577083A1B9DAC080001CA87 /* AddTeamMemberTableViewCell.m */; };
		05937ADC1B96B64100CAC2A1 /* CameraPreviewView.m in Sources */ = {isa = PBXBuildFile; fileRef = 05937ADB1B96B64100CAC2A1 /* CameraPreviewView.m */; };
		05A073701B8AC657005C5CE3 /* TMModel.xcdatamodeld in Sources */ = {isa = PBXBuildFile; fileRef = 05A0736E1B8AC657005C5CE3 /* TMModel.xcdatamodeld */; };
		05B11D1D1B9DDADC00F797D8 /* M13Checkbox.m in Sources */ = {isa = PBXBuildFile; fileRef = 05B11D1C1B9DDADC00F797D8 /* M13Checkbox.m */; };
		05CBB1E51B9FE10D006B3D23 /* LikersView.m in Sources */ = {isa = PBXBuildFile; fileRef = 05CBB1E41B9FE10D006B3D23 /* LikersView.m */; };
		05CEB7B31B8D5FC2003DF51A /* NSDate+FriendlyInterval.m in Sources */ = {isa = PBXBuildFile; fileRef = 05CEB7B21B8D5FC2003DF51A /* NSDate+FriendlyInterval.m */; };
		05CEB7D81B8DA488003DF51A /* NSString+URLEncode.m in Sources */ = {isa = PBXBuildFile; fileRef = 05CEB7D51B8DA488003DF51A /* NSString+URLEncode.m */; };
		05CEB7D91B8DA488003DF51A /* UIColor+Helper.m in Sources */ = {isa = PBXBuildFile; fileRef = 05CEB7D71B8DA488003DF51A /* UIColor+Helper.m */; };
		05D8B4A51B99621C008E4E8E /* ExternalLinkViewController.m in Sources */ = {isa = PBXBuildFile; fileRef = 05D8B4A41B99621C008E4E8E /* ExternalLinkViewController.m */; };
		05EA055B1B9AA1C5005429CC /* BaseFeedViewController.m in Sources */ = {isa = PBXBuildFile; fileRef = 05EA055A1B9AA1C5005429CC /* BaseFeedViewController.m */; };
		714A13743EB07CC885180FEC /* libPods-teamaker.a in Frameworks */ = {isa = PBXBuildFile; fileRef = D6F0329BE3673D2BF2ED7A17 /* libPods-teamaker.a */; };
/* End PBXBuildFile section */

/* Begin PBXContainerItemProxy section */
		050BC37F1B799D0F00A35EFD /* PBXContainerItemProxy */ = {
			isa = PBXContainerItemProxy;
			containerPortal = 050BC35D1B799D0E00A35EFD /* Project object */;
			proxyType = 1;
			remoteGlobalIDString = 050BC3641B799D0E00A35EFD;
			remoteInfo = teamaker;
		};
/* End PBXContainerItemProxy section */

/* Begin PBXFileReference section */
		050BC3651B799D0E00A35EFD /* teamaker.app */ = {isa = PBXFileReference; explicitFileType = wrapper.application; includeInIndex = 0; path = teamaker.app; sourceTree = BUILT_PRODUCTS_DIR; };
		050BC3691B799D0E00A35EFD /* Info.plist */ = {isa = PBXFileReference; lastKnownFileType = text.plist.xml; path = Info.plist; sourceTree = "<group>"; };
		050BC36A1B799D0E00A35EFD /* main.m */ = {isa = PBXFileReference; lastKnownFileType = sourcecode.c.objc; path = main.m; sourceTree = "<group>"; };
		050BC36C1B799D0E00A35EFD /* AppDelegate.h */ = {isa = PBXFileReference; lastKnownFileType = sourcecode.c.h; path = AppDelegate.h; sourceTree = "<group>"; };
		050BC36D1B799D0E00A35EFD /* AppDelegate.m */ = {isa = PBXFileReference; lastKnownFileType = sourcecode.c.objc; path = AppDelegate.m; sourceTree = "<group>"; };
		050BC3751B799D0F00A35EFD /* Images.xcassets */ = {isa = PBXFileReference; lastKnownFileType = folder.assetcatalog; path = Images.xcassets; sourceTree = "<group>"; };
		050BC3781B799D0F00A35EFD /* Base */ = {isa = PBXFileReference; lastKnownFileType = file.xib; name = Base; path = Base.lproj/LaunchScreen.xib; sourceTree = "<group>"; };
		050BC37E1B799D0F00A35EFD /* teamakerTests.xctest */ = {isa = PBXFileReference; explicitFileType = wrapper.cfbundle; includeInIndex = 0; path = teamakerTests.xctest; sourceTree = BUILT_PRODUCTS_DIR; };
		050BC3831B799D0F00A35EFD /* Info.plist */ = {isa = PBXFileReference; lastKnownFileType = text.plist.xml; path = Info.plist; sourceTree = "<group>"; };
		050BC3841B799D0F00A35EFD /* teamakerTests.m */ = {isa = PBXFileReference; lastKnownFileType = sourcecode.c.objc; path = teamakerTests.m; sourceTree = "<group>"; };
		051A469A1BA14486004EC14D /* _TMFeed.h */ = {isa = PBXFileReference; fileEncoding = 4; lastKnownFileType = sourcecode.c.h; path = _TMFeed.h; sourceTree = "<group>"; };
		051A469B1BA14486004EC14D /* _TMFeed.m */ = {isa = PBXFileReference; fileEncoding = 4; lastKnownFileType = sourcecode.c.objc; path = _TMFeed.m; sourceTree = "<group>"; };
		051A469C1BA14486004EC14D /* _TMFeedComment.h */ = {isa = PBXFileReference; fileEncoding = 4; lastKnownFileType = sourcecode.c.h; path = _TMFeedComment.h; sourceTree = "<group>"; };
		051A469D1BA14486004EC14D /* _TMFeedComment.m */ = {isa = PBXFileReference; fileEncoding = 4; lastKnownFileType = sourcecode.c.objc; path = _TMFeedComment.m; sourceTree = "<group>"; };
		051A469E1BA14486004EC14D /* _TMPunch.h */ = {isa = PBXFileReference; fileEncoding = 4; lastKnownFileType = sourcecode.c.h; path = _TMPunch.h; sourceTree = "<group>"; };
		051A469F1BA14486004EC14D /* _TMPunch.m */ = {isa = PBXFileReference; fileEncoding = 4; lastKnownFileType = sourcecode.c.objc; path = _TMPunch.m; sourceTree = "<group>"; };
		051A46A01BA14486004EC14D /* _TMTeam.h */ = {isa = PBXFileReference; fileEncoding = 4; lastKnownFileType = sourcecode.c.h; path = _TMTeam.h; sourceTree = "<group>"; };
		051A46A11BA14486004EC14D /* _TMTeam.m */ = {isa = PBXFileReference; fileEncoding = 4; lastKnownFileType = sourcecode.c.objc; path = _TMTeam.m; sourceTree = "<group>"; };
		051A46A21BA14486004EC14D /* _TMTeamUserInfo.h */ = {isa = PBXFileReference; fileEncoding = 4; lastKnownFileType = sourcecode.c.h; path = _TMTeamUserInfo.h; sourceTree = "<group>"; };
		051A46A31BA14486004EC14D /* _TMTeamUserInfo.m */ = {isa = PBXFileReference; fileEncoding = 4; lastKnownFileType = sourcecode.c.objc; path = _TMTeamUserInfo.m; sourceTree = "<group>"; };
		051A46A41BA14486004EC14D /* _TMUser.h */ = {isa = PBXFileReference; fileEncoding = 4; lastKnownFileType = sourcecode.c.h; path = _TMUser.h; sourceTree = "<group>"; };
		051A46A51BA14486004EC14D /* _TMUser.m */ = {isa = PBXFileReference; fileEncoding = 4; lastKnownFileType = sourcecode.c.objc; path = _TMUser.m; sourceTree = "<group>"; };
		051A46A61BA14486004EC14D /* _TMUserLikeFeed.h */ = {isa = PBXFileReference; fileEncoding = 4; lastKnownFileType = sourcecode.c.h; path = _TMUserLikeFeed.h; sourceTree = "<group>"; };
		051A46A71BA14486004EC14D /* _TMUserLikeFeed.m */ = {isa = PBXFileReference; fileEncoding = 4; lastKnownFileType = sourcecode.c.objc; path = _TMUserLikeFeed.m; sourceTree = "<group>"; };
		051A46A81BA14486004EC14D /* TMFeed.h */ = {isa = PBXFileReference; fileEncoding = 4; lastKnownFileType = sourcecode.c.h; path = TMFeed.h; sourceTree = "<group>"; };
		051A46A91BA14486004EC14D /* TMFeed.m */ = {isa = PBXFileReference; fileEncoding = 4; lastKnownFileType = sourcecode.c.objc; path = TMFeed.m; sourceTree = "<group>"; };
		051A46AA1BA14486004EC14D /* TMFeedComment.h */ = {isa = PBXFileReference; fileEncoding = 4; lastKnownFileType = sourcecode.c.h; path = TMFeedComment.h; sourceTree = "<group>"; };
		051A46AB1BA14486004EC14D /* TMFeedComment.m */ = {isa = PBXFileReference; fileEncoding = 4; lastKnownFileType = sourcecode.c.objc; path = TMFeedComment.m; sourceTree = "<group>"; };
		051A46AC1BA14486004EC14D /* TMPunch.h */ = {isa = PBXFileReference; fileEncoding = 4; lastKnownFileType = sourcecode.c.h; path = TMPunch.h; sourceTree = "<group>"; };
		051A46AD1BA14486004EC14D /* TMPunch.m */ = {isa = PBXFileReference; fileEncoding = 4; lastKnownFileType = sourcecode.c.objc; path = TMPunch.m; sourceTree = "<group>"; };
		051A46AE1BA14486004EC14D /* TMTeam.h */ = {isa = PBXFileReference; fileEncoding = 4; lastKnownFileType = sourcecode.c.h; path = TMTeam.h; sourceTree = "<group>"; };
		051A46AF1BA14486004EC14D /* TMTeam.m */ = {isa = PBXFileReference; fileEncoding = 4; lastKnownFileType = sourcecode.c.objc; path = TMTeam.m; sourceTree = "<group>"; };
		051A46B01BA14486004EC14D /* TMTeamUserInfo.h */ = {isa = PBXFileReference; fileEncoding = 4; lastKnownFileType = sourcecode.c.h; path = TMTeamUserInfo.h; sourceTree = "<group>"; };
		051A46B11BA14486004EC14D /* TMTeamUserInfo.m */ = {isa = PBXFileReference; fileEncoding = 4; lastKnownFileType = sourcecode.c.objc; path = TMTeamUserInfo.m; sourceTree = "<group>"; };
		051A46B21BA14486004EC14D /* TMUser.h */ = {isa = PBXFileReference; fileEncoding = 4; lastKnownFileType = sourcecode.c.h; path = TMUser.h; sourceTree = "<group>"; };
		051A46B31BA14486004EC14D /* TMUser.m */ = {isa = PBXFileReference; fileEncoding = 4; lastKnownFileType = sourcecode.c.objc; path = TMUser.m; sourceTree = "<group>"; };
		051A46B41BA14486004EC14D /* TMUserLikeFeed.h */ = {isa = PBXFileReference; fileEncoding = 4; lastKnownFileType = sourcecode.c.h; path = TMUserLikeFeed.h; sourceTree = "<group>"; };
		051A46B51BA14486004EC14D /* TMUserLikeFeed.m */ = {isa = PBXFileReference; fileEncoding = 4; lastKnownFileType = sourcecode.c.objc; path = TMUserLikeFeed.m; sourceTree = "<group>"; };
		051A46C41BA14CF6004EC14D /* FeedCommentsView.h */ = {isa = PBXFileReference; fileEncoding = 4; lastKnownFileType = sourcecode.c.h; path = FeedCommentsView.h; sourceTree = "<group>"; };
		051A46C51BA14CF6004EC14D /* FeedCommentsView.m */ = {isa = PBXFileReference; fileEncoding = 4; lastKnownFileType = sourcecode.c.objc; path = FeedCommentsView.m; sourceTree = "<group>"; };
		0530824B1B8482A8008C6C16 /* MapKit.framework */ = {isa = PBXFileReference; lastKnownFileType = wrapper.framework; name = MapKit.framework; path = System/Library/Frameworks/MapKit.framework; sourceTree = SDKROOT; };
		0537175C1B94041E00A92A7D /* JoinTeamMenu.h */ = {isa = PBXFileReference; fileEncoding = 4; lastKnownFileType = sourcecode.c.h; path = JoinTeamMenu.h; sourceTree = "<group>"; };
		0537175D1B94041E00A92A7D /* JoinTeamMenu.m */ = {isa = PBXFileReference; fileEncoding = 4; lastKnownFileType = sourcecode.c.objc; path = JoinTeamMenu.m; sourceTree = "<group>"; };
		0537175F1B941B6000A92A7D /* TeamDetailsViewController.h */ = {isa = PBXFileReference; fileEncoding = 4; lastKnownFileType = sourcecode.c.h; path = TeamDetailsViewController.h; sourceTree = "<group>"; };
		053717601B941B6000A92A7D /* TeamDetailsViewController.m */ = {isa = PBXFileReference; fileEncoding = 4; lastKnownFileType = sourcecode.c.objc; path = TeamDetailsViewController.m; sourceTree = "<group>"; };
		053717611B941B6000A92A7D /* TeamProfileViewController.h */ = {isa = PBXFileReference; fileEncoding = 4; lastKnownFileType = sourcecode.c.h; path = TeamProfileViewController.h; sourceTree = "<group>"; };
		053717621B941B6000A92A7D /* TeamProfileViewController.m */ = {isa = PBXFileReference; fileEncoding = 4; lastKnownFileType = sourcecode.c.objc; path = TeamProfileViewController.m; sourceTree = "<group>"; };
		053717651B941B6B00A92A7D /* FeedViewController.h */ = {isa = PBXFileReference; fileEncoding = 4; lastKnownFileType = sourcecode.c.h; path = FeedViewController.h; sourceTree = "<group>"; };
		053717661B941B6B00A92A7D /* FeedViewController.m */ = {isa = PBXFileReference; fileEncoding = 4; lastKnownFileType = sourcecode.c.objc; path = FeedViewController.m; sourceTree = "<group>"; };
		053717681B941B8000A92A7D /* MyDetailsViewController.h */ = {isa = PBXFileReference; fileEncoding = 4; lastKnownFileType = sourcecode.c.h; path = MyDetailsViewController.h; sourceTree = "<group>"; };
		053717691B941B8000A92A7D /* MyDetailsViewController.m */ = {isa = PBXFileReference; fileEncoding = 4; lastKnownFileType = sourcecode.c.objc; path = MyDetailsViewController.m; sourceTree = "<group>"; };
		0537176A1B941B8000A92A7D /* MyProfileViewController.h */ = {isa = PBXFileReference; fileEncoding = 4; lastKnownFileType = sourcecode.c.h; path = MyProfileViewController.h; sourceTree = "<group>"; };
		0537176B1B941B8000A92A7D /* MyProfileViewController.m */ = {isa = PBXFileReference; fileEncoding = 4; lastKnownFileType = sourcecode.c.objc; path = MyProfileViewController.m; sourceTree = "<group>"; };
		0537176C1B941B8000A92A7D /* MySettingsViewController.h */ = {isa = PBXFileReference; fileEncoding = 4; lastKnownFileType = sourcecode.c.h; path = MySettingsViewController.h; sourceTree = "<group>"; };
		0537176D1B941B8000A92A7D /* MySettingsViewController.m */ = {isa = PBXFileReference; fileEncoding = 4; lastKnownFileType = sourcecode.c.objc; path = MySettingsViewController.m; sourceTree = "<group>"; };
		0537176E1B941B8000A92A7D /* UserProfileViewController.h */ = {isa = PBXFileReference; fileEncoding = 4; lastKnownFileType = sourcecode.c.h; path = UserProfileViewController.h; sourceTree = "<group>"; };
		0537176F1B941B8000A92A7D /* UserProfileViewController.m */ = {isa = PBXFileReference; fileEncoding = 4; lastKnownFileType = sourcecode.c.objc; path = UserProfileViewController.m; sourceTree = "<group>"; };
		053717741B941BA500A92A7D /* CaptureViewController.h */ = {isa = PBXFileReference; fileEncoding = 4; lastKnownFileType = sourcecode.c.h; path = CaptureViewController.h; sourceTree = "<group>"; };
		053717751B941BA500A92A7D /* CaptureViewController.m */ = {isa = PBXFileReference; fileEncoding = 4; lastKnownFileType = sourcecode.c.objc; path = CaptureViewController.m; sourceTree = "<group>"; };
		053717761B941BA500A92A7D /* ComposeViewController.h */ = {isa = PBXFileReference; fileEncoding = 4; lastKnownFileType = sourcecode.c.h; path = ComposeViewController.h; sourceTree = "<group>"; };
		053717771B941BA500A92A7D /* ComposeViewController.m */ = {isa = PBXFileReference; fileEncoding = 4; lastKnownFileType = sourcecode.c.objc; path = ComposeViewController.m; sourceTree = "<group>"; };
		053717781B941BA500A92A7D /* ComposeViewControllerProtocol.h */ = {isa = PBXFileReference; fileEncoding = 4; lastKnownFileType = sourcecode.c.h; path = ComposeViewControllerProtocol.h; sourceTree = "<group>"; };
		0537177D1B941BA500A92A7D /* PunchViewController.h */ = {isa = PBXFileReference; fileEncoding = 4; lastKnownFileType = sourcecode.c.h; path = PunchViewController.h; sourceTree = "<group>"; };
		0537177E1B941BA500A92A7D /* PunchViewController.m */ = {isa = PBXFileReference; fileEncoding = 4; lastKnownFileType = sourcecode.c.objc; path = PunchViewController.m; sourceTree = "<group>"; };
		0537177F1B941BA500A92A7D /* TextViewController.h */ = {isa = PBXFileReference; fileEncoding = 4; lastKnownFileType = sourcecode.c.h; path = TextViewController.h; sourceTree = "<group>"; };
		053717801B941BA500A92A7D /* TextViewController.m */ = {isa = PBXFileReference; fileEncoding = 4; lastKnownFileType = sourcecode.c.objc; path = TextViewController.m; sourceTree = "<group>"; };
		053717871B941BB400A92A7D /* ViewController.h */ = {isa = PBXFileReference; fileEncoding = 4; lastKnownFileType = sourcecode.c.h; path = ViewController.h; sourceTree = "<group>"; };
		053717881B941BB400A92A7D /* ViewController.m */ = {isa = PBXFileReference; fileEncoding = 4; lastKnownFileType = sourcecode.c.objc; path = ViewController.m; sourceTree = "<group>"; };
		0537178B1B941BF100A92A7D /* Base */ = {isa = PBXFileReference; lastKnownFileType = file.storyboard; name = Base; path = Base.lproj/Main.storyboard; sourceTree = "<group>"; };
		0537178D1B941C3300A92A7D /* CreateTeamViewController.h */ = {isa = PBXFileReference; fileEncoding = 4; lastKnownFileType = sourcecode.c.h; path = CreateTeamViewController.h; sourceTree = "<group>"; };
		0537178E1B941C3300A92A7D /* CreateTeamViewController.m */ = {isa = PBXFileReference; fileEncoding = 4; lastKnownFileType = sourcecode.c.objc; path = CreateTeamViewController.m; sourceTree = "<group>"; };
		053717901B941C4C00A92A7D /* JoinTeamViewController.h */ = {isa = PBXFileReference; fileEncoding = 4; lastKnownFileType = sourcecode.c.h; path = JoinTeamViewController.h; sourceTree = "<group>"; };
		053717911B941C4C00A92A7D /* JoinTeamViewController.m */ = {isa = PBXFileReference; fileEncoding = 4; lastKnownFileType = sourcecode.c.objc; path = JoinTeamViewController.m; sourceTree = "<group>"; };
		053717931B945A8B00A92A7D /* Constants.h */ = {isa = PBXFileReference; lastKnownFileType = sourcecode.c.h; path = Constants.h; sourceTree = "<group>"; };
		055917461B9EE03C0036B6E9 /* TeamStarredFeedsViewController.h */ = {isa = PBXFileReference; fileEncoding = 4; lastKnownFileType = sourcecode.c.h; path = TeamStarredFeedsViewController.h; sourceTree = "<group>"; };
		055917471B9EE03C0036B6E9 /* TeamStarredFeedsViewController.m */ = {isa = PBXFileReference; fileEncoding = 4; lastKnownFileType = sourcecode.c.objc; path = TeamStarredFeedsViewController.m; sourceTree = "<group>"; };
		0559174C1B9EEE630036B6E9 /* UIImageView+Helper.h */ = {isa = PBXFileReference; fileEncoding = 4; lastKnownFileType = sourcecode.c.h; name = "UIImageView+Helper.h"; path = "Categories/UIImageView+Helper.h"; sourceTree = "<group>"; };
		0559174D1B9EEE630036B6E9 /* UIImageView+Helper.m */ = {isa = PBXFileReference; fileEncoding = 4; lastKnownFileType = sourcecode.c.objc; name = "UIImageView+Helper.m"; path = "Categories/UIImageView+Helper.m"; sourceTree = "<group>"; };
		0573DC3A1B90CC0B00A670B4 /* FeedTableViewCell.h */ = {isa = PBXFileReference; fileEncoding = 4; lastKnownFileType = sourcecode.c.h; path = FeedTableViewCell.h; sourceTree = "<group>"; };
		0573DC3B1B90CC0B00A670B4 /* FeedTableViewCell.m */ = {isa = PBXFileReference; fileEncoding = 4; lastKnownFileType = sourcecode.c.objc; path = FeedTableViewCell.m; sourceTree = "<group>"; };
		0573DC3C1B90CC0B00A670B4 /* FeedTableViewCellProtocol.h */ = {isa = PBXFileReference; fileEncoding = 4; lastKnownFileType = sourcecode.c.h; path = FeedTableViewCellProtocol.h; sourceTree = "<group>"; };
		0573DC3D1B90CC0B00A670B4 /* PunchTableViewCell.h */ = {isa = PBXFileReference; fileEncoding = 4; lastKnownFileType = sourcecode.c.h; path = PunchTableViewCell.h; sourceTree = "<group>"; };
		0573DC3E1B90CC0B00A670B4 /* PunchTableViewCell.m */ = {isa = PBXFileReference; fileEncoding = 4; lastKnownFileType = sourcecode.c.objc; path = PunchTableViewCell.m; sourceTree = "<group>"; };
		0573DC3F1B90CC0B00A670B4 /* TeamButtons.h */ = {isa = PBXFileReference; fileEncoding = 4; lastKnownFileType = sourcecode.c.h; path = TeamButtons.h; sourceTree = "<group>"; };
		0573DC401B90CC0B00A670B4 /* TeamButtons.m */ = {isa = PBXFileReference; fileEncoding = 4; lastKnownFileType = sourcecode.c.objc; path = TeamButtons.m; sourceTree = "<group>"; };
		0573DC411B90CC0B00A670B4 /* TeamMemberCollectionViewCell.h */ = {isa = PBXFileReference; fileEncoding = 4; lastKnownFileType = sourcecode.c.h; path = TeamMemberCollectionViewCell.h; sourceTree = "<group>"; };
		0573DC421B90CC0B00A670B4 /* TeamMemberCollectionViewCell.m */ = {isa = PBXFileReference; fileEncoding = 4; lastKnownFileType = sourcecode.c.objc; path = TeamMemberCollectionViewCell.m; sourceTree = "<group>"; };
		057708341B9D3E710001CA87 /* AddTeamMemberViewController.h */ = {isa = PBXFileReference; fileEncoding = 4; lastKnownFileType = sourcecode.c.h; path = AddTeamMemberViewController.h; sourceTree = "<group>"; };
		057708351B9D3E710001CA87 /* AddTeamMemberViewController.m */ = {isa = PBXFileReference; fileEncoding = 4; lastKnownFileType = sourcecode.c.objc; path = AddTeamMemberViewController.m; sourceTree = "<group>"; };
		057708381B9DA6900001CA87 /* ScrollDirection.h */ = {isa = PBXFileReference; fileEncoding = 4; lastKnownFileType = sourcecode.c.h; path = ScrollDirection.h; sourceTree = "<group>"; };
		057708391B9DAC080001CA87 /* AddTeamMemberTableViewCell.h */ = {isa = PBXFileReference; fileEncoding = 4; lastKnownFileType = sourcecode.c.h; path = AddTeamMemberTableViewCell.h; sourceTree = "<group>"; };
		0577083A1B9DAC080001CA87 /* AddTeamMemberTableViewCell.m */ = {isa = PBXFileReference; fileEncoding = 4; lastKnownFileType = sourcecode.c.objc; path = AddTeamMemberTableViewCell.m; sourceTree = "<group>"; };
		05937ADA1B96B64100CAC2A1 /* CameraPreviewView.h */ = {isa = PBXFileReference; fileEncoding = 4; lastKnownFileType = sourcecode.c.h; path = CameraPreviewView.h; sourceTree = "<group>"; };
		05937ADB1B96B64100CAC2A1 /* CameraPreviewView.m */ = {isa = PBXFileReference; fileEncoding = 4; lastKnownFileType = sourcecode.c.objc; path = CameraPreviewView.m; sourceTree = "<group>"; };
		05A0736F1B8AC657005C5CE3 /* TMModel.xcdatamodel */ = {isa = PBXFileReference; lastKnownFileType = wrapper.xcdatamodel; path = TMModel.xcdatamodel; sourceTree = "<group>"; };
		05B11D1B1B9DDADC00F797D8 /* M13Checkbox.h */ = {isa = PBXFileReference; fileEncoding = 4; lastKnownFileType = sourcecode.c.h; path = M13Checkbox.h; sourceTree = "<group>"; };
		05B11D1C1B9DDADC00F797D8 /* M13Checkbox.m */ = {isa = PBXFileReference; fileEncoding = 4; lastKnownFileType = sourcecode.c.objc; path = M13Checkbox.m; sourceTree = "<group>"; };
		05CBB1E31B9FE10D006B3D23 /* LikersView.h */ = {isa = PBXFileReference; fileEncoding = 4; lastKnownFileType = sourcecode.c.h; path = LikersView.h; sourceTree = "<group>"; };
		05CBB1E41B9FE10D006B3D23 /* LikersView.m */ = {isa = PBXFileReference; fileEncoding = 4; lastKnownFileType = sourcecode.c.objc; path = LikersView.m; sourceTree = "<group>"; };
		05CEB7B11B8D5FC2003DF51A /* NSDate+FriendlyInterval.h */ = {isa = PBXFileReference; fileEncoding = 4; lastKnownFileType = sourcecode.c.h; name = "NSDate+FriendlyInterval.h"; path = "Categories/NSDate+FriendlyInterval.h"; sourceTree = "<group>"; };
		05CEB7B21B8D5FC2003DF51A /* NSDate+FriendlyInterval.m */ = {isa = PBXFileReference; fileEncoding = 4; lastKnownFileType = sourcecode.c.objc; name = "NSDate+FriendlyInterval.m"; path = "Categories/NSDate+FriendlyInterval.m"; sourceTree = "<group>"; };
		05CEB7D41B8DA488003DF51A /* NSString+URLEncode.h */ = {isa = PBXFileReference; fileEncoding = 4; lastKnownFileType = sourcecode.c.h; name = "NSString+URLEncode.h"; path = "Categories/NSString+URLEncode.h"; sourceTree = "<group>"; };
		05CEB7D51B8DA488003DF51A /* NSString+URLEncode.m */ = {isa = PBXFileReference; fileEncoding = 4; lastKnownFileType = sourcecode.c.objc; name = "NSString+URLEncode.m"; path = "Categories/NSString+URLEncode.m"; sourceTree = "<group>"; };
		05CEB7D61B8DA488003DF51A /* UIColor+Helper.h */ = {isa = PBXFileReference; fileEncoding = 4; lastKnownFileType = sourcecode.c.h; name = "UIColor+Helper.h"; path = "Categories/UIColor+Helper.h"; sourceTree = "<group>"; };
		05CEB7D71B8DA488003DF51A /* UIColor+Helper.m */ = {isa = PBXFileReference; fileEncoding = 4; lastKnownFileType = sourcecode.c.objc; name = "UIColor+Helper.m"; path = "Categories/UIColor+Helper.m"; sourceTree = "<group>"; };
		05D43EB11B8EC57300974B74 /* Reveal.framework */ = {isa = PBXFileReference; lastKnownFileType = wrapper.framework; path = Reveal.framework; sourceTree = "<group>"; };
		05D8B4A31B99621C008E4E8E /* ExternalLinkViewController.h */ = {isa = PBXFileReference; fileEncoding = 4; lastKnownFileType = sourcecode.c.h; path = ExternalLinkViewController.h; sourceTree = "<group>"; };
		05D8B4A41B99621C008E4E8E /* ExternalLinkViewController.m */ = {isa = PBXFileReference; fileEncoding = 4; lastKnownFileType = sourcecode.c.objc; path = ExternalLinkViewController.m; sourceTree = "<group>"; };
		05EA05591B9AA1C5005429CC /* BaseFeedViewController.h */ = {isa = PBXFileReference; fileEncoding = 4; lastKnownFileType = sourcecode.c.h; path = BaseFeedViewController.h; sourceTree = "<group>"; };
		05EA055A1B9AA1C5005429CC /* BaseFeedViewController.m */ = {isa = PBXFileReference; fileEncoding = 4; lastKnownFileType = sourcecode.c.objc; path = BaseFeedViewController.m; sourceTree = "<group>"; };
		533495A1F40478DC4EE80904 /* Pods-teamaker.debug.xcconfig */ = {isa = PBXFileReference; includeInIndex = 1; lastKnownFileType = text.xcconfig; name = "Pods-teamaker.debug.xcconfig"; path = "Pods/Target Support Files/Pods-teamaker/Pods-teamaker.debug.xcconfig"; sourceTree = "<group>"; };
		6F91AC048B4F28D93ED6CF6D /* Pods-teamaker.release.xcconfig */ = {isa = PBXFileReference; includeInIndex = 1; lastKnownFileType = text.xcconfig; name = "Pods-teamaker.release.xcconfig"; path = "Pods/Target Support Files/Pods-teamaker/Pods-teamaker.release.xcconfig"; sourceTree = "<group>"; };
		D6F0329BE3673D2BF2ED7A17 /* libPods-teamaker.a */ = {isa = PBXFileReference; explicitFileType = archive.ar; includeInIndex = 0; path = "libPods-teamaker.a"; sourceTree = BUILT_PRODUCTS_DIR; };
/* End PBXFileReference section */

/* Begin PBXFrameworksBuildPhase section */
		050BC3621B799D0E00A35EFD /* Frameworks */ = {
			isa = PBXFrameworksBuildPhase;
			buildActionMask = 2147483647;
			files = (
				0530824C1B8482A8008C6C16 /* MapKit.framework in Frameworks */,
				714A13743EB07CC885180FEC /* libPods-teamaker.a in Frameworks */,
			);
			runOnlyForDeploymentPostprocessing = 0;
		};
		050BC37B1B799D0F00A35EFD /* Frameworks */ = {
			isa = PBXFrameworksBuildPhase;
			buildActionMask = 2147483647;
			files = (
			);
			runOnlyForDeploymentPostprocessing = 0;
		};
/* End PBXFrameworksBuildPhase section */

/* Begin PBXGroup section */
		050BC35C1B799D0E00A35EFD = {
			isa = PBXGroup;
			children = (
				050BC3671B799D0E00A35EFD /* teamaker */,
				050BC3811B799D0F00A35EFD /* teamakerTests */,
				050BC3661B799D0E00A35EFD /* Products */,
				635CAD9B30B0A63EC0FF50A5 /* Pods */,
				0916D379E1D2DF4E7F5A8CE4 /* Frameworks */,
			);
			sourceTree = "<group>";
		};
		050BC3661B799D0E00A35EFD /* Products */ = {
			isa = PBXGroup;
			children = (
				050BC3651B799D0E00A35EFD /* teamaker.app */,
				050BC37E1B799D0F00A35EFD /* teamakerTests.xctest */,
			);
			name = Products;
			sourceTree = "<group>";
		};
		050BC3671B799D0E00A35EFD /* teamaker */ = {
			isa = PBXGroup;
			children = (
				05B11D1A1B9DDA8A00F797D8 /* Additions */,
				057708371B9DA65A0001CA87 /* Utils */,
				05A0736E1B8AC657005C5CE3 /* TMModel.xcdatamodeld */,
				05CE04FC1B883F0700A7C718 /* Libraries */,
				0530824F1B84AD07008C6C16 /* Models */,
				0530824E1B84ACD6008C6C16 /* Categories */,
				0530824D1B84AADA008C6C16 /* Views */,
				053EA2561B81AB6A00BBAF12 /* Controllers */,
				050BC3681B799D0E00A35EFD /* Supporting Files */,
				053717931B945A8B00A92A7D /* Constants.h */,
			);
			path = teamaker;
			sourceTree = "<group>";
		};
		050BC3681B799D0E00A35EFD /* Supporting Files */ = {
			isa = PBXGroup;
			children = (
				0537178A1B941BF100A92A7D /* Main.storyboard */,
				050BC3751B799D0F00A35EFD /* Images.xcassets */,
				050BC3771B799D0F00A35EFD /* LaunchScreen.xib */,
				050BC36C1B799D0E00A35EFD /* AppDelegate.h */,
				050BC36D1B799D0E00A35EFD /* AppDelegate.m */,
				050BC3691B799D0E00A35EFD /* Info.plist */,
				050BC36A1B799D0E00A35EFD /* main.m */,
			);
			name = "Supporting Files";
			sourceTree = "<group>";
		};
		050BC3811B799D0F00A35EFD /* teamakerTests */ = {
			isa = PBXGroup;
			children = (
				050BC3841B799D0F00A35EFD /* teamakerTests.m */,
				050BC3821B799D0F00A35EFD /* Supporting Files */,
			);
			path = teamakerTests;
			sourceTree = "<group>";
		};
		050BC3821B799D0F00A35EFD /* Supporting Files */ = {
			isa = PBXGroup;
			children = (
				050BC3831B799D0F00A35EFD /* Info.plist */,
			);
			name = "Supporting Files";
			sourceTree = "<group>";
		};
		0530824D1B84AADA008C6C16 /* Views */ = {
			isa = PBXGroup;
			children = (
				0573DC3A1B90CC0B00A670B4 /* FeedTableViewCell.h */,
				0573DC3B1B90CC0B00A670B4 /* FeedTableViewCell.m */,
				0573DC3C1B90CC0B00A670B4 /* FeedTableViewCellProtocol.h */,
				0573DC3D1B90CC0B00A670B4 /* PunchTableViewCell.h */,
				0573DC3E1B90CC0B00A670B4 /* PunchTableViewCell.m */,
				0573DC3F1B90CC0B00A670B4 /* TeamButtons.h */,
				0573DC401B90CC0B00A670B4 /* TeamButtons.m */,
				0573DC411B90CC0B00A670B4 /* TeamMemberCollectionViewCell.h */,
				0573DC421B90CC0B00A670B4 /* TeamMemberCollectionViewCell.m */,
				0537175C1B94041E00A92A7D /* JoinTeamMenu.h */,
				0537175D1B94041E00A92A7D /* JoinTeamMenu.m */,
				05937ADA1B96B64100CAC2A1 /* CameraPreviewView.h */,
				05937ADB1B96B64100CAC2A1 /* CameraPreviewView.m */,
				057708391B9DAC080001CA87 /* AddTeamMemberTableViewCell.h */,
				0577083A1B9DAC080001CA87 /* AddTeamMemberTableViewCell.m */,
				05CBB1E31B9FE10D006B3D23 /* LikersView.h */,
				05CBB1E41B9FE10D006B3D23 /* LikersView.m */,
				051A46C41BA14CF6004EC14D /* FeedCommentsView.h */,
				051A46C51BA14CF6004EC14D /* FeedCommentsView.m */,
			);
			path = Views;
			sourceTree = "<group>";
		};
		0530824E1B84ACD6008C6C16 /* Categories */ = {
			isa = PBXGroup;
			children = (
				0559174C1B9EEE630036B6E9 /* UIImageView+Helper.h */,
				0559174D1B9EEE630036B6E9 /* UIImageView+Helper.m */,
				05CEB7D41B8DA488003DF51A /* NSString+URLEncode.h */,
				05CEB7D51B8DA488003DF51A /* NSString+URLEncode.m */,
				05CEB7D61B8DA488003DF51A /* UIColor+Helper.h */,
				05CEB7D71B8DA488003DF51A /* UIColor+Helper.m */,
				05CEB7B11B8D5FC2003DF51A /* NSDate+FriendlyInterval.h */,
				05CEB7B21B8D5FC2003DF51A /* NSDate+FriendlyInterval.m */,
			);
			name = Categories;
			sourceTree = "<group>";
		};
		0530824F1B84AD07008C6C16 /* Models */ = {
			isa = PBXGroup;
			children = (
				051A469A1BA14486004EC14D /* _TMFeed.h */,
				051A469B1BA14486004EC14D /* _TMFeed.m */,
				051A469C1BA14486004EC14D /* _TMFeedComment.h */,
				051A469D1BA14486004EC14D /* _TMFeedComment.m */,
				051A469E1BA14486004EC14D /* _TMPunch.h */,
				051A469F1BA14486004EC14D /* _TMPunch.m */,
				051A46A01BA14486004EC14D /* _TMTeam.h */,
				051A46A11BA14486004EC14D /* _TMTeam.m */,
				051A46A21BA14486004EC14D /* _TMTeamUserInfo.h */,
				051A46A31BA14486004EC14D /* _TMTeamUserInfo.m */,
				051A46A41BA14486004EC14D /* _TMUser.h */,
				051A46A51BA14486004EC14D /* _TMUser.m */,
				051A46A61BA14486004EC14D /* _TMUserLikeFeed.h */,
				051A46A71BA14486004EC14D /* _TMUserLikeFeed.m */,
				051A46A81BA14486004EC14D /* TMFeed.h */,
				051A46A91BA14486004EC14D /* TMFeed.m */,
				051A46AA1BA14486004EC14D /* TMFeedComment.h */,
				051A46AB1BA14486004EC14D /* TMFeedComment.m */,
				051A46AC1BA14486004EC14D /* TMPunch.h */,
				051A46AD1BA14486004EC14D /* TMPunch.m */,
				051A46AE1BA14486004EC14D /* TMTeam.h */,
				051A46AF1BA14486004EC14D /* TMTeam.m */,
				051A46B01BA14486004EC14D /* TMTeamUserInfo.h */,
				051A46B11BA14486004EC14D /* TMTeamUserInfo.m */,
				051A46B21BA14486004EC14D /* TMUser.h */,
				051A46B31BA14486004EC14D /* TMUser.m */,
				051A46B41BA14486004EC14D /* TMUserLikeFeed.h */,
				051A46B51BA14486004EC14D /* TMUserLikeFeed.m */,
			);
			path = Models;
			sourceTree = "<group>";
		};
		053EA2561B81AB6A00BBAF12 /* Controllers */ = {
			isa = PBXGroup;
			children = (
				053717871B941BB400A92A7D /* ViewController.h */,
				053717881B941BB400A92A7D /* ViewController.m */,
				05854B091B8FFB1200EAC376 /* Team */,
				05854B081B8FFAFA00EAC376 /* Feed */,
				05854B071B8FFAE600EAC376 /* User */,
				05854B061B8FFAC200EAC376 /* Compose */,
			);
			path = Controllers;
			sourceTree = "<group>";
		};
		057708371B9DA65A0001CA87 /* Utils */ = {
			isa = PBXGroup;
			children = (
				057708381B9DA6900001CA87 /* ScrollDirection.h */,
			);
			path = Utils;
			sourceTree = "<group>";
		};
		05854B061B8FFAC200EAC376 /* Compose */ = {
			isa = PBXGroup;
			children = (
				053717761B941BA500A92A7D /* ComposeViewController.h */,
				053717771B941BA500A92A7D /* ComposeViewController.m */,
				053717781B941BA500A92A7D /* ComposeViewControllerProtocol.h */,
				053717741B941BA500A92A7D /* CaptureViewController.h */,
				053717751B941BA500A92A7D /* CaptureViewController.m */,
				0537177D1B941BA500A92A7D /* PunchViewController.h */,
				0537177E1B941BA500A92A7D /* PunchViewController.m */,
				0537177F1B941BA500A92A7D /* TextViewController.h */,
				053717801B941BA500A92A7D /* TextViewController.m */,
				05D8B4A31B99621C008E4E8E /* ExternalLinkViewController.h */,
				05D8B4A41B99621C008E4E8E /* ExternalLinkViewController.m */,
			);
			name = Compose;
			sourceTree = "<group>";
		};
		05854B071B8FFAE600EAC376 /* User */ = {
			isa = PBXGroup;
			children = (
				053717681B941B8000A92A7D /* MyDetailsViewController.h */,
				053717691B941B8000A92A7D /* MyDetailsViewController.m */,
				0537176A1B941B8000A92A7D /* MyProfileViewController.h */,
				0537176B1B941B8000A92A7D /* MyProfileViewController.m */,
				0537176C1B941B8000A92A7D /* MySettingsViewController.h */,
				0537176D1B941B8000A92A7D /* MySettingsViewController.m */,
				0537176E1B941B8000A92A7D /* UserProfileViewController.h */,
				0537176F1B941B8000A92A7D /* UserProfileViewController.m */,
			);
			name = User;
			sourceTree = "<group>";
		};
		05854B081B8FFAFA00EAC376 /* Feed */ = {
			isa = PBXGroup;
			children = (
				053717651B941B6B00A92A7D /* FeedViewController.h */,
				053717661B941B6B00A92A7D /* FeedViewController.m */,
				05EA05591B9AA1C5005429CC /* BaseFeedViewController.h */,
				05EA055A1B9AA1C5005429CC /* BaseFeedViewController.m */,
			);
			name = Feed;
			sourceTree = "<group>";
		};
		05854B091B8FFB1200EAC376 /* Team */ = {
			isa = PBXGroup;
			children = (
				0537175F1B941B6000A92A7D /* TeamDetailsViewController.h */,
				053717601B941B6000A92A7D /* TeamDetailsViewController.m */,
				053717611B941B6000A92A7D /* TeamProfileViewController.h */,
				053717621B941B6000A92A7D /* TeamProfileViewController.m */,
				0537178D1B941C3300A92A7D /* CreateTeamViewController.h */,
				0537178E1B941C3300A92A7D /* CreateTeamViewController.m */,
				053717901B941C4C00A92A7D /* JoinTeamViewController.h */,
				053717911B941C4C00A92A7D /* JoinTeamViewController.m */,
				057708341B9D3E710001CA87 /* AddTeamMemberViewController.h */,
				057708351B9D3E710001CA87 /* AddTeamMemberViewController.m */,
				055917461B9EE03C0036B6E9 /* TeamStarredFeedsViewController.h */,
				055917471B9EE03C0036B6E9 /* TeamStarredFeedsViewController.m */,
			);
			name = Team;
			sourceTree = "<group>";
		};
		05B11D1A1B9DDA8A00F797D8 /* Additions */ = {
			isa = PBXGroup;
			children = (
				05B11D1B1B9DDADC00F797D8 /* M13Checkbox.h */,
				05B11D1C1B9DDADC00F797D8 /* M13Checkbox.m */,
			);
			path = Additions;
			sourceTree = "<group>";
		};
		05CE04FC1B883F0700A7C718 /* Libraries */ = {
			isa = PBXGroup;
			children = (
			);
			name = Libraries;
			sourceTree = "<group>";
		};
		0916D379E1D2DF4E7F5A8CE4 /* Frameworks */ = {
			isa = PBXGroup;
			children = (
				05D43EB11B8EC57300974B74 /* Reveal.framework */,
				0530824B1B8482A8008C6C16 /* MapKit.framework */,
				D6F0329BE3673D2BF2ED7A17 /* libPods-teamaker.a */,
			);
			name = Frameworks;
			sourceTree = "<group>";
		};
		635CAD9B30B0A63EC0FF50A5 /* Pods */ = {
			isa = PBXGroup;
			children = (
				533495A1F40478DC4EE80904 /* Pods-teamaker.debug.xcconfig */,
				6F91AC048B4F28D93ED6CF6D /* Pods-teamaker.release.xcconfig */,
			);
			name = Pods;
			sourceTree = "<group>";
		};
/* End PBXGroup section */

/* Begin PBXNativeTarget section */
		050BC3641B799D0E00A35EFD /* teamaker */ = {
			isa = PBXNativeTarget;
			buildConfigurationList = 050BC3881B799D0F00A35EFD /* Build configuration list for PBXNativeTarget "teamaker" */;
			buildPhases = (
				C772C851A6223FC15720A36E /* Check Pods Manifest.lock */,
				050BC3611B799D0E00A35EFD /* Sources */,
				050BC3621B799D0E00A35EFD /* Frameworks */,
				050BC3631B799D0E00A35EFD /* Resources */,
				EB6849B9D23A749D497D17B9 /* Copy Pods Resources */,
			);
			buildRules = (
			);
			dependencies = (
			);
			name = teamaker;
			productName = teamaker;
			productReference = 050BC3651B799D0E00A35EFD /* teamaker.app */;
			productType = "com.apple.product-type.application";
		};
		050BC37D1B799D0F00A35EFD /* teamakerTests */ = {
			isa = PBXNativeTarget;
			buildConfigurationList = 050BC38B1B799D0F00A35EFD /* Build configuration list for PBXNativeTarget "teamakerTests" */;
			buildPhases = (
				050BC37A1B799D0F00A35EFD /* Sources */,
				050BC37B1B799D0F00A35EFD /* Frameworks */,
				050BC37C1B799D0F00A35EFD /* Resources */,
			);
			buildRules = (
			);
			dependencies = (
				050BC3801B799D0F00A35EFD /* PBXTargetDependency */,
			);
			name = teamakerTests;
			productName = teamakerTests;
			productReference = 050BC37E1B799D0F00A35EFD /* teamakerTests.xctest */;
			productType = "com.apple.product-type.bundle.unit-test";
		};
/* End PBXNativeTarget section */

/* Begin PBXProject section */
		050BC35D1B799D0E00A35EFD /* Project object */ = {
			isa = PBXProject;
			attributes = {
				LastUpgradeCheck = 0640;
				ORGANIZATIONNAME = hustlzp;
				TargetAttributes = {
					050BC3641B799D0E00A35EFD = {
						CreatedOnToolsVersion = 6.4;
						DevelopmentTeam = N26JLKH94G;
						SystemCapabilities = {
							com.apple.Maps.iOS = {
								enabled = 1;
							};
						};
					};
					050BC37D1B799D0F00A35EFD = {
						CreatedOnToolsVersion = 6.4;
						TestTargetID = 050BC3641B799D0E00A35EFD;
					};
					05BD79F71B8C10A900329BF0 = {
						CreatedOnToolsVersion = 6.4;
					};
				};
			};
			buildConfigurationList = 050BC3601B799D0E00A35EFD /* Build configuration list for PBXProject "teamaker" */;
			compatibilityVersion = "Xcode 3.2";
			developmentRegion = English;
			hasScannedForEncodings = 0;
			knownRegions = (
				en,
				Base,
			);
			mainGroup = 050BC35C1B799D0E00A35EFD;
			productRefGroup = 050BC3661B799D0E00A35EFD /* Products */;
			projectDirPath = "";
			projectRoot = "";
			targets = (
				050BC3641B799D0E00A35EFD /* teamaker */,
				050BC37D1B799D0F00A35EFD /* teamakerTests */,
				05BD79F71B8C10A900329BF0 /* Mogenerator */,
			);
		};
/* End PBXProject section */

/* Begin PBXResourcesBuildPhase section */
		050BC3631B799D0E00A35EFD /* Resources */ = {
			isa = PBXResourcesBuildPhase;
			buildActionMask = 2147483647;
			files = (
				0537178C1B941BF100A92A7D /* Main.storyboard in Resources */,
				050BC3791B799D0F00A35EFD /* LaunchScreen.xib in Resources */,
				050BC3761B799D0F00A35EFD /* Images.xcassets in Resources */,
			);
			runOnlyForDeploymentPostprocessing = 0;
		};
		050BC37C1B799D0F00A35EFD /* Resources */ = {
			isa = PBXResourcesBuildPhase;
			buildActionMask = 2147483647;
			files = (
			);
			runOnlyForDeploymentPostprocessing = 0;
		};
/* End PBXResourcesBuildPhase section */

/* Begin PBXShellScriptBuildPhase section */
		05BD79FB1B8C10C300329BF0 /* Run Script */ = {
			isa = PBXShellScriptBuildPhase;
			buildActionMask = 2147483647;
			files = (
			);
			inputPaths = (
			);
			name = "Run Script";
			outputPaths = (
			);
			runOnlyForDeploymentPostprocessing = 0;
			shellPath = /bin/sh;
			shellScript = "/usr/local/bin/mogenerator -m teamaker/TMModel.xcdatamodeld/TMModel.xcdatamodel -O teamaker/Models --template-var arc=true";
		};
		C772C851A6223FC15720A36E /* Check Pods Manifest.lock */ = {
			isa = PBXShellScriptBuildPhase;
			buildActionMask = 2147483647;
			files = (
			);
			inputPaths = (
			);
			name = "Check Pods Manifest.lock";
			outputPaths = (
			);
			runOnlyForDeploymentPostprocessing = 0;
			shellPath = /bin/sh;
			shellScript = "diff \"${PODS_ROOT}/../Podfile.lock\" \"${PODS_ROOT}/Manifest.lock\" > /dev/null\nif [[ $? != 0 ]] ; then\n    cat << EOM\nerror: The sandbox is not in sync with the Podfile.lock. Run 'pod install' or update your CocoaPods installation.\nEOM\n    exit 1\nfi\n";
			showEnvVarsInLog = 0;
		};
		EB6849B9D23A749D497D17B9 /* Copy Pods Resources */ = {
			isa = PBXShellScriptBuildPhase;
			buildActionMask = 2147483647;
			files = (
			);
			inputPaths = (
			);
			name = "Copy Pods Resources";
			outputPaths = (
			);
			runOnlyForDeploymentPostprocessing = 0;
			shellPath = /bin/sh;
			shellScript = "\"${SRCROOT}/Pods/Target Support Files/Pods-teamaker/Pods-teamaker-resources.sh\"\n";
			showEnvVarsInLog = 0;
		};
/* End PBXShellScriptBuildPhase section */

/* Begin PBXSourcesBuildPhase section */
		050BC3611B799D0E00A35EFD /* Sources */ = {
			isa = PBXSourcesBuildPhase;
			buildActionMask = 2147483647;
			files = (
				051A46BD1BA14486004EC14D /* TMFeed.m in Sources */,
				053717731B941B8000A92A7D /* UserProfileViewController.m in Sources */,
				05CEB7D81B8DA488003DF51A /* NSString+URLEncode.m in Sources */,
				051A46B81BA14486004EC14D /* _TMPunch.m in Sources */,
				051A46B61BA14486004EC14D /* _TMFeed.m in Sources */,
				051A46C01BA14486004EC14D /* TMTeam.m in Sources */,
				0573DC431B90CC0B00A670B4 /* FeedTableViewCell.m in Sources */,
				0537178F1B941C3300A92A7D /* CreateTeamViewController.m in Sources */,
				053717821B941BA500A92A7D /* ComposeViewController.m in Sources */,
				0573DC461B90CC0B00A670B4 /* TeamMemberCollectionViewCell.m in Sources */,
				050BC36E1B799D0E00A35EFD /* AppDelegate.m in Sources */,
				05CBB1E51B9FE10D006B3D23 /* LikersView.m in Sources */,
				053717861B941BA500A92A7D /* TextViewController.m in Sources */,
				057708361B9D3E710001CA87 /* AddTeamMemberViewController.m in Sources */,
				053717811B941BA500A92A7D /* CaptureViewController.m in Sources */,
				053717641B941B6000A92A7D /* TeamProfileViewController.m in Sources */,
				051A46BA1BA14486004EC14D /* _TMTeamUserInfo.m in Sources */,
				053717711B941B8000A92A7D /* MyProfileViewController.m in Sources */,
				051A46C61BA14CF6004EC14D /* FeedCommentsView.m in Sources */,
				051A46B71BA14486004EC14D /* _TMFeedComment.m in Sources */,
				0559174E1B9EEE630036B6E9 /* UIImageView+Helper.m in Sources */,
				051A46BF1BA14486004EC14D /* TMPunch.m in Sources */,
				053717891B941BB400A92A7D /* ViewController.m in Sources */,
				0573DC441B90CC0B00A670B4 /* PunchTableViewCell.m in Sources */,
				05CEB7D91B8DA488003DF51A /* UIColor+Helper.m in Sources */,
				053717921B941C4C00A92A7D /* JoinTeamViewController.m in Sources */,
				053717721B941B8000A92A7D /* MySettingsViewController.m in Sources */,
				05EA055B1B9AA1C5005429CC /* BaseFeedViewController.m in Sources */,
				0573DC451B90CC0B00A670B4 /* TeamButtons.m in Sources */,
				05B11D1D1B9DDADC00F797D8 /* M13Checkbox.m in Sources */,
				0537175E1B94041E00A92A7D /* JoinTeamMenu.m in Sources */,
				051A46BB1BA14486004EC14D /* _TMUser.m in Sources */,
				05A073701B8AC657005C5CE3 /* TMModel.xcdatamodeld in Sources */,
				05937ADC1B96B64100CAC2A1 /* CameraPreviewView.m in Sources */,
				053717851B941BA500A92A7D /* PunchViewController.m in Sources */,
				050BC36B1B799D0E00A35EFD /* main.m in Sources */,
				053717701B941B8000A92A7D /* MyDetailsViewController.m in Sources */,
				051A46C31BA14486004EC14D /* TMUserLikeFeed.m in Sources */,
				05D8B4A51B99621C008E4E8E /* ExternalLinkViewController.m in Sources */,
				051A46BC1BA14486004EC14D /* _TMUserLikeFeed.m in Sources */,
				051A46C11BA14486004EC14D /* TMTeamUserInfo.m in Sources */,
				053717631B941B6000A92A7D /* TeamDetailsViewController.m in Sources */,
				051A46C21BA14486004EC14D /* TMUser.m in Sources */,
				0577083B1B9DAC080001CA87 /* AddTeamMemberTableViewCell.m in Sources */,
				055917481B9EE03C0036B6E9 /* TeamStarredFeedsViewController.m in Sources */,
				053717671B941B6B00A92A7D /* FeedViewController.m in Sources */,
				05CEB7B31B8D5FC2003DF51A /* NSDate+FriendlyInterval.m in Sources */,
				051A46BE1BA14486004EC14D /* TMFeedComment.m in Sources */,
				051A46B91BA14486004EC14D /* _TMTeam.m in Sources */,
			);
			runOnlyForDeploymentPostprocessing = 0;
		};
		050BC37A1B799D0F00A35EFD /* Sources */ = {
			isa = PBXSourcesBuildPhase;
			buildActionMask = 2147483647;
			files = (
				050BC3851B799D0F00A35EFD /* teamakerTests.m in Sources */,
			);
			runOnlyForDeploymentPostprocessing = 0;
		};
/* End PBXSourcesBuildPhase section */

/* Begin PBXTargetDependency section */
		050BC3801B799D0F00A35EFD /* PBXTargetDependency */ = {
			isa = PBXTargetDependency;
			target = 050BC3641B799D0E00A35EFD /* teamaker */;
			targetProxy = 050BC37F1B799D0F00A35EFD /* PBXContainerItemProxy */;
		};
/* End PBXTargetDependency section */

/* Begin PBXVariantGroup section */
		050BC3771B799D0F00A35EFD /* LaunchScreen.xib */ = {
			isa = PBXVariantGroup;
			children = (
				050BC3781B799D0F00A35EFD /* Base */,
			);
			name = LaunchScreen.xib;
			sourceTree = "<group>";
		};
		0537178A1B941BF100A92A7D /* Main.storyboard */ = {
			isa = PBXVariantGroup;
			children = (
				0537178B1B941BF100A92A7D /* Base */,
			);
			name = Main.storyboard;
			sourceTree = "<group>";
		};
/* End PBXVariantGroup section */

/* Begin XCBuildConfiguration section */
		050BC3861B799D0F00A35EFD /* Debug */ = {
			isa = XCBuildConfiguration;
			buildSettings = {
				ALWAYS_SEARCH_USER_PATHS = NO;
				CLANG_CXX_LANGUAGE_STANDARD = "gnu++0x";
				CLANG_CXX_LIBRARY = "libc++";
				CLANG_ENABLE_MODULES = YES;
				CLANG_ENABLE_OBJC_ARC = YES;
				CLANG_WARN_BOOL_CONVERSION = YES;
				CLANG_WARN_CONSTANT_CONVERSION = YES;
				CLANG_WARN_DIRECT_OBJC_ISA_USAGE = YES_ERROR;
				CLANG_WARN_EMPTY_BODY = YES;
				CLANG_WARN_ENUM_CONVERSION = YES;
				CLANG_WARN_INT_CONVERSION = YES;
				CLANG_WARN_OBJC_ROOT_CLASS = YES_ERROR;
				CLANG_WARN_UNREACHABLE_CODE = YES;
				CLANG_WARN__DUPLICATE_METHOD_MATCH = YES;
				"CODE_SIGN_IDENTITY[sdk=iphoneos*]" = "iPhone Developer";
				COPY_PHASE_STRIP = NO;
				DEBUG_INFORMATION_FORMAT = "dwarf-with-dsym";
				ENABLE_STRICT_OBJC_MSGSEND = YES;
				GCC_C_LANGUAGE_STANDARD = gnu99;
				GCC_DYNAMIC_NO_PIC = NO;
				GCC_NO_COMMON_BLOCKS = YES;
				GCC_OPTIMIZATION_LEVEL = 0;
				GCC_PREPROCESSOR_DEFINITIONS = (
					"DEBUG=1",
					"$(inherited)",
				);
				GCC_SYMBOLS_PRIVATE_EXTERN = NO;
				GCC_WARN_64_TO_32_BIT_CONVERSION = YES;
				GCC_WARN_ABOUT_RETURN_TYPE = YES_ERROR;
				GCC_WARN_UNDECLARED_SELECTOR = YES;
				GCC_WARN_UNINITIALIZED_AUTOS = YES_AGGRESSIVE;
				GCC_WARN_UNUSED_FUNCTION = YES;
				GCC_WARN_UNUSED_VARIABLE = YES;
				IPHONEOS_DEPLOYMENT_TARGET = 8.4;
				MTL_ENABLE_DEBUG_INFO = YES;
				ONLY_ACTIVE_ARCH = YES;
				SDKROOT = iphoneos;
			};
			name = Debug;
		};
		050BC3871B799D0F00A35EFD /* Release */ = {
			isa = XCBuildConfiguration;
			buildSettings = {
				ALWAYS_SEARCH_USER_PATHS = NO;
				CLANG_CXX_LANGUAGE_STANDARD = "gnu++0x";
				CLANG_CXX_LIBRARY = "libc++";
				CLANG_ENABLE_MODULES = YES;
				CLANG_ENABLE_OBJC_ARC = YES;
				CLANG_WARN_BOOL_CONVERSION = YES;
				CLANG_WARN_CONSTANT_CONVERSION = YES;
				CLANG_WARN_DIRECT_OBJC_ISA_USAGE = YES_ERROR;
				CLANG_WARN_EMPTY_BODY = YES;
				CLANG_WARN_ENUM_CONVERSION = YES;
				CLANG_WARN_INT_CONVERSION = YES;
				CLANG_WARN_OBJC_ROOT_CLASS = YES_ERROR;
				CLANG_WARN_UNREACHABLE_CODE = YES;
				CLANG_WARN__DUPLICATE_METHOD_MATCH = YES;
				"CODE_SIGN_IDENTITY[sdk=iphoneos*]" = "iPhone Developer";
				COPY_PHASE_STRIP = NO;
				DEBUG_INFORMATION_FORMAT = "dwarf-with-dsym";
				ENABLE_NS_ASSERTIONS = NO;
				ENABLE_STRICT_OBJC_MSGSEND = YES;
				GCC_C_LANGUAGE_STANDARD = gnu99;
				GCC_NO_COMMON_BLOCKS = YES;
				GCC_WARN_64_TO_32_BIT_CONVERSION = YES;
				GCC_WARN_ABOUT_RETURN_TYPE = YES_ERROR;
				GCC_WARN_UNDECLARED_SELECTOR = YES;
				GCC_WARN_UNINITIALIZED_AUTOS = YES_AGGRESSIVE;
				GCC_WARN_UNUSED_FUNCTION = YES;
				GCC_WARN_UNUSED_VARIABLE = YES;
				IPHONEOS_DEPLOYMENT_TARGET = 8.4;
				MTL_ENABLE_DEBUG_INFO = NO;
				SDKROOT = iphoneos;
				VALIDATE_PRODUCT = YES;
			};
			name = Release;
		};
		050BC3891B799D0F00A35EFD /* Debug */ = {
			isa = XCBuildConfiguration;
			baseConfigurationReference = 533495A1F40478DC4EE80904 /* Pods-teamaker.debug.xcconfig */;
			buildSettings = {
				ASSETCATALOG_COMPILER_APPICON_NAME = AppIcon;
				CODE_SIGN_IDENTITY = "iPhone Developer";
				"CODE_SIGN_IDENTITY[sdk=iphoneos*]" = "iPhone Developer";
				FRAMEWORK_SEARCH_PATHS = (
					"$(inherited)",
					"$(PROJECT_DIR)",
				);
				INFOPLIST_FILE = teamaker/Info.plist;
				IPHONEOS_DEPLOYMENT_TARGET = 7.1;
				LD_RUNPATH_SEARCH_PATHS = "$(inherited) @executable_path/Frameworks";
				OTHER_LDFLAGS = (
					"$(inherited)",
					"-ObjC",
					"-l\"AFNetworking\"",
					"-l\"MagicalRecord\"",
					"-l\"Masonry\"",
					"-framework",
					"\"CoreData\"",
					"-framework",
					"\"CoreGraphics\"",
					"-framework",
					"\"Foundation\"",
					"-framework",
					"\"MobileCoreServices\"",
					"-framework",
					"\"Security\"",
					"-framework",
					"\"SystemConfiguration\"",
					"-framework",
					"\"UIKit\"",
					"-ObjC",
					"-lz",
					"-framework",
					Reveal,
				);
				PRODUCT_NAME = "$(TARGET_NAME)";
				PROVISIONING_PROFILE = "";
			};
			name = Debug;
		};
		050BC38A1B799D0F00A35EFD /* Release */ = {
			isa = XCBuildConfiguration;
			baseConfigurationReference = 6F91AC048B4F28D93ED6CF6D /* Pods-teamaker.release.xcconfig */;
			buildSettings = {
				ASSETCATALOG_COMPILER_APPICON_NAME = AppIcon;
				CODE_SIGN_IDENTITY = "iPhone Developer";
				"CODE_SIGN_IDENTITY[sdk=iphoneos*]" = "iPhone Developer";
				FRAMEWORK_SEARCH_PATHS = (
					"$(inherited)",
					"$(PROJECT_DIR)",
				);
				INFOPLIST_FILE = teamaker/Info.plist;
				IPHONEOS_DEPLOYMENT_TARGET = 7.1;
				LD_RUNPATH_SEARCH_PATHS = "$(inherited) @executable_path/Frameworks";
				PRODUCT_NAME = "$(TARGET_NAME)";
				PROVISIONING_PROFILE = "";
			};
			name = Release;
		};
		050BC38C1B799D0F00A35EFD /* Debug */ = {
			isa = XCBuildConfiguration;
			buildSettings = {
				BUNDLE_LOADER = "$(TEST_HOST)";
				FRAMEWORK_SEARCH_PATHS = (
					"$(SDKROOT)/Developer/Library/Frameworks",
					"$(inherited)",
				);
				GCC_PREPROCESSOR_DEFINITIONS = (
					"DEBUG=1",
					"$(inherited)",
				);
				INFOPLIST_FILE = teamakerTests/Info.plist;
				LD_RUNPATH_SEARCH_PATHS = "$(inherited) @executable_path/Frameworks @loader_path/Frameworks";
				PRODUCT_NAME = "$(TARGET_NAME)";
				TEST_HOST = "$(BUILT_PRODUCTS_DIR)/teamaker.app/teamaker";
			};
			name = Debug;
		};
		050BC38D1B799D0F00A35EFD /* Release */ = {
			isa = XCBuildConfiguration;
			buildSettings = {
				BUNDLE_LOADER = "$(TEST_HOST)";
				FRAMEWORK_SEARCH_PATHS = (
					"$(SDKROOT)/Developer/Library/Frameworks",
					"$(inherited)",
				);
				INFOPLIST_FILE = teamakerTests/Info.plist;
				LD_RUNPATH_SEARCH_PATHS = "$(inherited) @executable_path/Frameworks @loader_path/Frameworks";
				PRODUCT_NAME = "$(TARGET_NAME)";
				TEST_HOST = "$(BUILT_PRODUCTS_DIR)/teamaker.app/teamaker";
			};
			name = Release;
		};
		05BD79F81B8C10A900329BF0 /* Debug */ = {
			isa = XCBuildConfiguration;
			buildSettings = {
				PRODUCT_NAME = "$(TARGET_NAME)";
			};
			name = Debug;
		};
		05BD79F91B8C10A900329BF0 /* Release */ = {
			isa = XCBuildConfiguration;
			buildSettings = {
				PRODUCT_NAME = "$(TARGET_NAME)";
			};
			name = Release;
		};
/* End XCBuildConfiguration section */

/* Begin XCConfigurationList section */
		050BC3601B799D0E00A35EFD /* Build configuration list for PBXProject "teamaker" */ = {
			isa = XCConfigurationList;
			buildConfigurations = (
				050BC3861B799D0F00A35EFD /* Debug */,
				050BC3871B799D0F00A35EFD /* Release */,
			);
			defaultConfigurationIsVisible = 0;
			defaultConfigurationName = Release;
		};
		050BC3881B799D0F00A35EFD /* Build configuration list for PBXNativeTarget "teamaker" */ = {
			isa = XCConfigurationList;
			buildConfigurations = (
				050BC3891B799D0F00A35EFD /* Debug */,
				050BC38A1B799D0F00A35EFD /* Release */,
			);
			defaultConfigurationIsVisible = 0;
			defaultConfigurationName = Release;
		};
		050BC38B1B799D0F00A35EFD /* Build configuration list for PBXNativeTarget "teamakerTests" */ = {
			isa = XCConfigurationList;
			buildConfigurations = (
				050BC38C1B799D0F00A35EFD /* Debug */,
				050BC38D1B799D0F00A35EFD /* Release */,
			);
			defaultConfigurationIsVisible = 0;
			defaultConfigurationName = Release;
		};
		05BD79FA1B8C10A900329BF0 /* Build configuration list for PBXAggregateTarget "Mogenerator" */ = {
			isa = XCConfigurationList;
			buildConfigurations = (
				05BD79F81B8C10A900329BF0 /* Debug */,
				05BD79F91B8C10A900329BF0 /* Release */,
			);
			defaultConfigurationIsVisible = 0;
			defaultConfigurationName = Release;
		};
/* End XCConfigurationList section */

/* Begin XCVersionGroup section */
		05A0736E1B8AC657005C5CE3 /* TMModel.xcdatamodeld */ = {
			isa = XCVersionGroup;
			children = (
				05A0736F1B8AC657005C5CE3 /* TMModel.xcdatamodel */,
			);
			currentVersion = 05A0736F1B8AC657005C5CE3 /* TMModel.xcdatamodel */;
			path = TMModel.xcdatamodeld;
			sourceTree = "<group>";
			versionGroupType = wrapper.xcdatamodel;
		};
/* End XCVersionGroup section */
	};
	rootObject = 050BC35D1B799D0E00A35EFD /* Project object */;
}
