// !$*UTF8*$!
{
	archiveVersion = 1;
	classes = {
	};
	objectVersion = 46;
	objects = {

/* Begin PBXBuildFile section */
		050BC36B1B799D0E00A35EFD /* main.m in Sources */ = {isa = PBXBuildFile; fileRef = 050BC36A1B799D0E00A35EFD /* main.m */; };
		050BC36E1B799D0E00A35EFD /* AppDelegate.m in Sources */ = {isa = PBXBuildFile; fileRef = 050BC36D1B799D0E00A35EFD /* AppDelegate.m */; };
		050BC3711B799D0E00A35EFD /* ViewController.m in Sources */ = {isa = PBXBuildFile; fileRef = 050BC3701B799D0E00A35EFD /* ViewController.m */; };
		050BC3741B799D0F00A35EFD /* Main.storyboard in Resources */ = {isa = PBXBuildFile; fileRef = 050BC3721B799D0F00A35EFD /* Main.storyboard */; };
		050BC3761B799D0F00A35EFD /* Images.xcassets in Resources */ = {isa = PBXBuildFile; fileRef = 050BC3751B799D0F00A35EFD /* Images.xcassets */; };
		050BC3791B799D0F00A35EFD /* LaunchScreen.xib in Resources */ = {isa = PBXBuildFile; fileRef = 050BC3771B799D0F00A35EFD /* LaunchScreen.xib */; };
		050BC3851B799D0F00A35EFD /* teamakerTests.m in Sources */ = {isa = PBXBuildFile; fileRef = 050BC3841B799D0F00A35EFD /* teamakerTests.m */; };
		050BC3901B79A4C000A35EFD /* PunchViewController.m in Sources */ = {isa = PBXBuildFile; fileRef = 050BC38F1B79A4C000A35EFD /* PunchViewController.m */; };
		050BC3921B79ACFA00A35EFD /* PunchViewController.xib in Resources */ = {isa = PBXBuildFile; fileRef = 050BC3911B79ACFA00A35EFD /* PunchViewController.xib */; };
		050BC3961B79AD8B00A35EFD /* CaptureViewController.m in Sources */ = {isa = PBXBuildFile; fileRef = 050BC3941B79AD8B00A35EFD /* CaptureViewController.m */; };
		050BC3A21B79F6B300A35EFD /* FeedViewController.m in Sources */ = {isa = PBXBuildFile; fileRef = 050BC3A01B79F6B300A35EFD /* FeedViewController.m */; };
		050BC3A71B79F71F00A35EFD /* ComposeViewController.m in Sources */ = {isa = PBXBuildFile; fileRef = 050BC3A51B79F71F00A35EFD /* ComposeViewController.m */; };
		050BC3A81B79F71F00A35EFD /* ComposeViewController.xib in Resources */ = {isa = PBXBuildFile; fileRef = 050BC3A61B79F71F00A35EFD /* ComposeViewController.xib */; };
		053EA2551B819E1600BBAF12 /* UIColor+Helper.m in Sources */ = {isa = PBXBuildFile; fileRef = 053EA2541B819E1600BBAF12 /* UIColor+Helper.m */; };
		053EA25C1B81AD8700BBAF12 /* TMPunch.m in Sources */ = {isa = PBXBuildFile; fileRef = 053EA25B1B81AD8700BBAF12 /* TMPunch.m */; };
		053EA25F1B81B09000BBAF12 /* TMTeam.m in Sources */ = {isa = PBXBuildFile; fileRef = 053EA25E1B81B09000BBAF12 /* TMTeam.m */; };
		053EA2621B81B45800BBAF12 /* TMFeed.m in Sources */ = {isa = PBXBuildFile; fileRef = 053EA2611B81B45800BBAF12 /* TMFeed.m */; };
		05F4F40F1B82CFE80074C996 /* TextViewController.m in Sources */ = {isa = PBXBuildFile; fileRef = 05F4F40E1B82CFE80074C996 /* TextViewController.m */; };
		05F4F4121B82D00E0074C996 /* LocationViewController.m in Sources */ = {isa = PBXBuildFile; fileRef = 05F4F4111B82D00E0074C996 /* LocationViewController.m */; };
		714A13743EB07CC885180FEC /* libPods-teamaker.a in Frameworks */ = {isa = PBXBuildFile; fileRef = D6F0329BE3673D2BF2ED7A17 /* libPods-teamaker.a */; };
/* End PBXBuildFile section */

/* Begin PBXContainerItemProxy section */
		050BC37F1B799D0F00A35EFD /* PBXContainerItemProxy */ = {
			isa = PBXContainerItemProxy;
			containerPortal = 050BC35D1B799D0E00A35EFD /* Project object */;
			proxyType = 1;
			remoteGlobalIDString = 050BC3641B799D0E00A35EFD;
			remoteInfo = teamaker;
		};
/* End PBXContainerItemProxy section */

/* Begin PBXFileReference section */
		050BC3651B799D0E00A35EFD /* teamaker.app */ = {isa = PBXFileReference; explicitFileType = wrapper.application; includeInIndex = 0; path = teamaker.app; sourceTree = BUILT_PRODUCTS_DIR; };
		050BC3691B799D0E00A35EFD /* Info.plist */ = {isa = PBXFileReference; lastKnownFileType = text.plist.xml; path = Info.plist; sourceTree = "<group>"; };
		050BC36A1B799D0E00A35EFD /* main.m */ = {isa = PBXFileReference; lastKnownFileType = sourcecode.c.objc; path = main.m; sourceTree = "<group>"; };
		050BC36C1B799D0E00A35EFD /* AppDelegate.h */ = {isa = PBXFileReference; lastKnownFileType = sourcecode.c.h; path = AppDelegate.h; sourceTree = "<group>"; };
		050BC36D1B799D0E00A35EFD /* AppDelegate.m */ = {isa = PBXFileReference; lastKnownFileType = sourcecode.c.objc; path = AppDelegate.m; sourceTree = "<group>"; };
		050BC36F1B799D0E00A35EFD /* ViewController.h */ = {isa = PBXFileReference; lastKnownFileType = sourcecode.c.h; path = ViewController.h; sourceTree = "<group>"; };
		050BC3701B799D0E00A35EFD /* ViewController.m */ = {isa = PBXFileReference; lastKnownFileType = sourcecode.c.objc; path = ViewController.m; sourceTree = "<group>"; };
		050BC3731B799D0F00A35EFD /* Base */ = {isa = PBXFileReference; lastKnownFileType = file.storyboard; name = Base; path = Base.lproj/Main.storyboard; sourceTree = "<group>"; };
		050BC3751B799D0F00A35EFD /* Images.xcassets */ = {isa = PBXFileReference; lastKnownFileType = folder.assetcatalog; path = Images.xcassets; sourceTree = "<group>"; };
		050BC3781B799D0F00A35EFD /* Base */ = {isa = PBXFileReference; lastKnownFileType = file.xib; name = Base; path = Base.lproj/LaunchScreen.xib; sourceTree = "<group>"; };
		050BC37E1B799D0F00A35EFD /* teamakerTests.xctest */ = {isa = PBXFileReference; explicitFileType = wrapper.cfbundle; includeInIndex = 0; path = teamakerTests.xctest; sourceTree = BUILT_PRODUCTS_DIR; };
		050BC3831B799D0F00A35EFD /* Info.plist */ = {isa = PBXFileReference; lastKnownFileType = text.plist.xml; path = Info.plist; sourceTree = "<group>"; };
		050BC3841B799D0F00A35EFD /* teamakerTests.m */ = {isa = PBXFileReference; lastKnownFileType = sourcecode.c.objc; path = teamakerTests.m; sourceTree = "<group>"; };
		050BC38E1B79A4C000A35EFD /* PunchViewController.h */ = {isa = PBXFileReference; fileEncoding = 4; lastKnownFileType = sourcecode.c.h; path = PunchViewController.h; sourceTree = "<group>"; };
		050BC38F1B79A4C000A35EFD /* PunchViewController.m */ = {isa = PBXFileReference; fileEncoding = 4; lastKnownFileType = sourcecode.c.objc; path = PunchViewController.m; sourceTree = "<group>"; };
		050BC3911B79ACFA00A35EFD /* PunchViewController.xib */ = {isa = PBXFileReference; fileEncoding = 4; lastKnownFileType = file.xib; path = PunchViewController.xib; sourceTree = "<group>"; };
		050BC3931B79AD8B00A35EFD /* CaptureViewController.h */ = {isa = PBXFileReference; fileEncoding = 4; lastKnownFileType = sourcecode.c.h; path = CaptureViewController.h; sourceTree = "<group>"; };
		050BC3941B79AD8B00A35EFD /* CaptureViewController.m */ = {isa = PBXFileReference; fileEncoding = 4; lastKnownFileType = sourcecode.c.objc; path = CaptureViewController.m; sourceTree = "<group>"; };
		050BC39F1B79F6B300A35EFD /* FeedViewController.h */ = {isa = PBXFileReference; fileEncoding = 4; lastKnownFileType = sourcecode.c.h; path = FeedViewController.h; sourceTree = "<group>"; };
		050BC3A01B79F6B300A35EFD /* FeedViewController.m */ = {isa = PBXFileReference; fileEncoding = 4; lastKnownFileType = sourcecode.c.objc; path = FeedViewController.m; sourceTree = "<group>"; };
		050BC3A41B79F71F00A35EFD /* ComposeViewController.h */ = {isa = PBXFileReference; fileEncoding = 4; lastKnownFileType = sourcecode.c.h; path = ComposeViewController.h; sourceTree = "<group>"; };
		050BC3A51B79F71F00A35EFD /* ComposeViewController.m */ = {isa = PBXFileReference; fileEncoding = 4; lastKnownFileType = sourcecode.c.objc; path = ComposeViewController.m; sourceTree = "<group>"; };
		050BC3A61B79F71F00A35EFD /* ComposeViewController.xib */ = {isa = PBXFileReference; fileEncoding = 4; lastKnownFileType = file.xib; path = ComposeViewController.xib; sourceTree = "<group>"; };
		053EA2531B819E1600BBAF12 /* UIColor+Helper.h */ = {isa = PBXFileReference; fileEncoding = 4; lastKnownFileType = sourcecode.c.h; path = "UIColor+Helper.h"; sourceTree = "<group>"; };
		053EA2541B819E1600BBAF12 /* UIColor+Helper.m */ = {isa = PBXFileReference; fileEncoding = 4; lastKnownFileType = sourcecode.c.objc; path = "UIColor+Helper.m"; sourceTree = "<group>"; };
		053EA25A1B81AD8700BBAF12 /* TMPunch.h */ = {isa = PBXFileReference; fileEncoding = 4; lastKnownFileType = sourcecode.c.h; name = TMPunch.h; path = models/TMPunch.h; sourceTree = "<group>"; };
		053EA25B1B81AD8700BBAF12 /* TMPunch.m */ = {isa = PBXFileReference; fileEncoding = 4; lastKnownFileType = sourcecode.c.objc; name = TMPunch.m; path = models/TMPunch.m; sourceTree = "<group>"; };
		053EA25D1B81B09000BBAF12 /* TMTeam.h */ = {isa = PBXFileReference; fileEncoding = 4; lastKnownFileType = sourcecode.c.h; name = TMTeam.h; path = models/TMTeam.h; sourceTree = "<group>"; };
		053EA25E1B81B09000BBAF12 /* TMTeam.m */ = {isa = PBXFileReference; fileEncoding = 4; lastKnownFileType = sourcecode.c.objc; name = TMTeam.m; path = models/TMTeam.m; sourceTree = "<group>"; };
		053EA2601B81B45800BBAF12 /* TMFeed.h */ = {isa = PBXFileReference; fileEncoding = 4; lastKnownFileType = sourcecode.c.h; name = TMFeed.h; path = models/TMFeed.h; sourceTree = "<group>"; };
		053EA2611B81B45800BBAF12 /* TMFeed.m */ = {isa = PBXFileReference; fileEncoding = 4; lastKnownFileType = sourcecode.c.objc; name = TMFeed.m; path = models/TMFeed.m; sourceTree = "<group>"; };
		05F4F40D1B82CFE80074C996 /* TextViewController.h */ = {isa = PBXFileReference; fileEncoding = 4; lastKnownFileType = sourcecode.c.h; path = TextViewController.h; sourceTree = "<group>"; };
		05F4F40E1B82CFE80074C996 /* TextViewController.m */ = {isa = PBXFileReference; fileEncoding = 4; lastKnownFileType = sourcecode.c.objc; path = TextViewController.m; sourceTree = "<group>"; };
		05F4F4101B82D00E0074C996 /* LocationViewController.h */ = {isa = PBXFileReference; fileEncoding = 4; lastKnownFileType = sourcecode.c.h; path = LocationViewController.h; sourceTree = "<group>"; };
		05F4F4111B82D00E0074C996 /* LocationViewController.m */ = {isa = PBXFileReference; fileEncoding = 4; lastKnownFileType = sourcecode.c.objc; path = LocationViewController.m; sourceTree = "<group>"; };
		533495A1F40478DC4EE80904 /* Pods-teamaker.debug.xcconfig */ = {isa = PBXFileReference; includeInIndex = 1; lastKnownFileType = text.xcconfig; name = "Pods-teamaker.debug.xcconfig"; path = "Pods/Target Support Files/Pods-teamaker/Pods-teamaker.debug.xcconfig"; sourceTree = "<group>"; };
		6F91AC048B4F28D93ED6CF6D /* Pods-teamaker.release.xcconfig */ = {isa = PBXFileReference; includeInIndex = 1; lastKnownFileType = text.xcconfig; name = "Pods-teamaker.release.xcconfig"; path = "Pods/Target Support Files/Pods-teamaker/Pods-teamaker.release.xcconfig"; sourceTree = "<group>"; };
		D6F0329BE3673D2BF2ED7A17 /* libPods-teamaker.a */ = {isa = PBXFileReference; explicitFileType = archive.ar; includeInIndex = 0; path = "libPods-teamaker.a"; sourceTree = BUILT_PRODUCTS_DIR; };
/* End PBXFileReference section */

/* Begin PBXFrameworksBuildPhase section */
		050BC3621B799D0E00A35EFD /* Frameworks */ = {
			isa = PBXFrameworksBuildPhase;
			buildActionMask = 2147483647;
			files = (
				714A13743EB07CC885180FEC /* libPods-teamaker.a in Frameworks */,
			);
			runOnlyForDeploymentPostprocessing = 0;
		};
		050BC37B1B799D0F00A35EFD /* Frameworks */ = {
			isa = PBXFrameworksBuildPhase;
			buildActionMask = 2147483647;
			files = (
			);
			runOnlyForDeploymentPostprocessing = 0;
		};
/* End PBXFrameworksBuildPhase section */

/* Begin PBXGroup section */
		050BC35C1B799D0E00A35EFD = {
			isa = PBXGroup;
			children = (
				050BC3671B799D0E00A35EFD /* teamaker */,
				050BC3811B799D0F00A35EFD /* teamakerTests */,
				050BC3661B799D0E00A35EFD /* Products */,
				635CAD9B30B0A63EC0FF50A5 /* Pods */,
				0916D379E1D2DF4E7F5A8CE4 /* Frameworks */,
			);
			sourceTree = "<group>";
		};
		050BC3661B799D0E00A35EFD /* Products */ = {
			isa = PBXGroup;
			children = (
				050BC3651B799D0E00A35EFD /* teamaker.app */,
				050BC37E1B799D0F00A35EFD /* teamakerTests.xctest */,
			);
			name = Products;
			sourceTree = "<group>";
		};
		050BC3671B799D0E00A35EFD /* teamaker */ = {
			isa = PBXGroup;
			children = (
				053EA2591B81AD6900BBAF12 /* models */,
				053EA2561B81AB6A00BBAF12 /* Controllers */,
				053EA2531B819E1600BBAF12 /* UIColor+Helper.h */,
				053EA2541B819E1600BBAF12 /* UIColor+Helper.m */,
				050BC3751B799D0F00A35EFD /* Images.xcassets */,
				050BC3771B799D0F00A35EFD /* LaunchScreen.xib */,
				050BC3681B799D0E00A35EFD /* Supporting Files */,
			);
			path = teamaker;
			sourceTree = "<group>";
		};
		050BC3681B799D0E00A35EFD /* Supporting Files */ = {
			isa = PBXGroup;
			children = (
				050BC36C1B799D0E00A35EFD /* AppDelegate.h */,
				050BC36D1B799D0E00A35EFD /* AppDelegate.m */,
				050BC3691B799D0E00A35EFD /* Info.plist */,
				050BC36A1B799D0E00A35EFD /* main.m */,
			);
			name = "Supporting Files";
			sourceTree = "<group>";
		};
		050BC3811B799D0F00A35EFD /* teamakerTests */ = {
			isa = PBXGroup;
			children = (
				050BC3841B799D0F00A35EFD /* teamakerTests.m */,
				050BC3821B799D0F00A35EFD /* Supporting Files */,
			);
			path = teamakerTests;
			sourceTree = "<group>";
		};
		050BC3821B799D0F00A35EFD /* Supporting Files */ = {
			isa = PBXGroup;
			children = (
				050BC3831B799D0F00A35EFD /* Info.plist */,
			);
			name = "Supporting Files";
			sourceTree = "<group>";
		};
		053EA2561B81AB6A00BBAF12 /* Controllers */ = {
			isa = PBXGroup;
			children = (
				050BC36F1B799D0E00A35EFD /* ViewController.h */,
				050BC3701B799D0E00A35EFD /* ViewController.m */,
				05F4F4101B82D00E0074C996 /* LocationViewController.h */,
				05F4F4111B82D00E0074C996 /* LocationViewController.m */,
				050BC39F1B79F6B300A35EFD /* FeedViewController.h */,
				050BC3A01B79F6B300A35EFD /* FeedViewController.m */,
				050BC3A41B79F71F00A35EFD /* ComposeViewController.h */,
				050BC3A51B79F71F00A35EFD /* ComposeViewController.m */,
				050BC3A61B79F71F00A35EFD /* ComposeViewController.xib */,
				050BC3931B79AD8B00A35EFD /* CaptureViewController.h */,
				050BC3941B79AD8B00A35EFD /* CaptureViewController.m */,
				050BC3721B799D0F00A35EFD /* Main.storyboard */,
				050BC38E1B79A4C000A35EFD /* PunchViewController.h */,
				050BC38F1B79A4C000A35EFD /* PunchViewController.m */,
				050BC3911B79ACFA00A35EFD /* PunchViewController.xib */,
				05F4F40D1B82CFE80074C996 /* TextViewController.h */,
				05F4F40E1B82CFE80074C996 /* TextViewController.m */,
			);
			name = Controllers;
			sourceTree = "<group>";
		};
		053EA2591B81AD6900BBAF12 /* models */ = {
			isa = PBXGroup;
			children = (
				053EA25A1B81AD8700BBAF12 /* TMPunch.h */,
				053EA25B1B81AD8700BBAF12 /* TMPunch.m */,
				053EA25D1B81B09000BBAF12 /* TMTeam.h */,
				053EA25E1B81B09000BBAF12 /* TMTeam.m */,
				053EA2601B81B45800BBAF12 /* TMFeed.h */,
				053EA2611B81B45800BBAF12 /* TMFeed.m */,
			);
			name = models;
			sourceTree = "<group>";
		};
		0916D379E1D2DF4E7F5A8CE4 /* Frameworks */ = {
			isa = PBXGroup;
			children = (
				D6F0329BE3673D2BF2ED7A17 /* libPods-teamaker.a */,
			);
			name = Frameworks;
			sourceTree = "<group>";
		};
		635CAD9B30B0A63EC0FF50A5 /* Pods */ = {
			isa = PBXGroup;
			children = (
				533495A1F40478DC4EE80904 /* Pods-teamaker.debug.xcconfig */,
				6F91AC048B4F28D93ED6CF6D /* Pods-teamaker.release.xcconfig */,
			);
			name = Pods;
			sourceTree = "<group>";
		};
/* End PBXGroup section */

/* Begin PBXNativeTarget section */
		050BC3641B799D0E00A35EFD /* teamaker */ = {
			isa = PBXNativeTarget;
			buildConfigurationList = 050BC3881B799D0F00A35EFD /* Build configuration list for PBXNativeTarget "teamaker" */;
			buildPhases = (
				C772C851A6223FC15720A36E /* Check Pods Manifest.lock */,
				050BC3611B799D0E00A35EFD /* Sources */,
				050BC3621B799D0E00A35EFD /* Frameworks */,
				050BC3631B799D0E00A35EFD /* Resources */,
				EB6849B9D23A749D497D17B9 /* Copy Pods Resources */,
			);
			buildRules = (
			);
			dependencies = (
			);
			name = teamaker;
			productName = teamaker;
			productReference = 050BC3651B799D0E00A35EFD /* teamaker.app */;
			productType = "com.apple.product-type.application";
		};
		050BC37D1B799D0F00A35EFD /* teamakerTests */ = {
			isa = PBXNativeTarget;
			buildConfigurationList = 050BC38B1B799D0F00A35EFD /* Build configuration list for PBXNativeTarget "teamakerTests" */;
			buildPhases = (
				050BC37A1B799D0F00A35EFD /* Sources */,
				050BC37B1B799D0F00A35EFD /* Frameworks */,
				050BC37C1B799D0F00A35EFD /* Resources */,
			);
			buildRules = (
			);
			dependencies = (
				050BC3801B799D0F00A35EFD /* PBXTargetDependency */,
			);
			name = teamakerTests;
			productName = teamakerTests;
			productReference = 050BC37E1B799D0F00A35EFD /* teamakerTests.xctest */;
			productType = "com.apple.product-type.bundle.unit-test";
		};
/* End PBXNativeTarget section */

/* Begin PBXProject section */
		050BC35D1B799D0E00A35EFD /* Project object */ = {
			isa = PBXProject;
			attributes = {
				LastUpgradeCheck = 0640;
				ORGANIZATIONNAME = hustlzp;
				TargetAttributes = {
					050BC3641B799D0E00A35EFD = {
						CreatedOnToolsVersion = 6.4;
					};
					050BC37D1B799D0F00A35EFD = {
						CreatedOnToolsVersion = 6.4;
						TestTargetID = 050BC3641B799D0E00A35EFD;
					};
				};
			};
			buildConfigurationList = 050BC3601B799D0E00A35EFD /* Build configuration list for PBXProject "teamaker" */;
			compatibilityVersion = "Xcode 3.2";
			developmentRegion = English;
			hasScannedForEncodings = 0;
			knownRegions = (
				en,
				Base,
			);
			mainGroup = 050BC35C1B799D0E00A35EFD;
			productRefGroup = 050BC3661B799D0E00A35EFD /* Products */;
			projectDirPath = "";
			projectRoot = "";
			targets = (
				050BC3641B799D0E00A35EFD /* teamaker */,
				050BC37D1B799D0F00A35EFD /* teamakerTests */,
			);
		};
/* End PBXProject section */

/* Begin PBXResourcesBuildPhase section */
		050BC3631B799D0E00A35EFD /* Resources */ = {
			isa = PBXResourcesBuildPhase;
			buildActionMask = 2147483647;
			files = (
				050BC3741B799D0F00A35EFD /* Main.storyboard in Resources */,
				050BC3921B79ACFA00A35EFD /* PunchViewController.xib in Resources */,
				050BC3791B799D0F00A35EFD /* LaunchScreen.xib in Resources */,
				050BC3A81B79F71F00A35EFD /* ComposeViewController.xib in Resources */,
				050BC3761B799D0F00A35EFD /* Images.xcassets in Resources */,
			);
			runOnlyForDeploymentPostprocessing = 0;
		};
		050BC37C1B799D0F00A35EFD /* Resources */ = {
			isa = PBXResourcesBuildPhase;
			buildActionMask = 2147483647;
			files = (
			);
			runOnlyForDeploymentPostprocessing = 0;
		};
/* End PBXResourcesBuildPhase section */

/* Begin PBXShellScriptBuildPhase section */
		C772C851A6223FC15720A36E /* Check Pods Manifest.lock */ = {
			isa = PBXShellScriptBuildPhase;
			buildActionMask = 2147483647;
			files = (
			);
			inputPaths = (
			);
			name = "Check Pods Manifest.lock";
			outputPaths = (
			);
			runOnlyForDeploymentPostprocessing = 0;
			shellPath = /bin/sh;
			shellScript = "diff \"${PODS_ROOT}/../Podfile.lock\" \"${PODS_ROOT}/Manifest.lock\" > /dev/null\nif [[ $? != 0 ]] ; then\n    cat << EOM\nerror: The sandbox is not in sync with the Podfile.lock. Run 'pod install' or update your CocoaPods installation.\nEOM\n    exit 1\nfi\n";
			showEnvVarsInLog = 0;
		};
		EB6849B9D23A749D497D17B9 /* Copy Pods Resources */ = {
			isa = PBXShellScriptBuildPhase;
			buildActionMask = 2147483647;
			files = (
			);
			inputPaths = (
			);
			name = "Copy Pods Resources";
			outputPaths = (
			);
			runOnlyForDeploymentPostprocessing = 0;
			shellPath = /bin/sh;
			shellScript = "\"${SRCROOT}/Pods/Target Support Files/Pods-teamaker/Pods-teamaker-resources.sh\"\n";
			showEnvVarsInLog = 0;
		};
/* End PBXShellScriptBuildPhase section */

/* Begin PBXSourcesBuildPhase section */
		050BC3611B799D0E00A35EFD /* Sources */ = {
			isa = PBXSourcesBuildPhase;
			buildActionMask = 2147483647;
			files = (
				050BC3711B799D0E00A35EFD /* ViewController.m in Sources */,
				050BC3901B79A4C000A35EFD /* PunchViewController.m in Sources */,
				050BC36E1B799D0E00A35EFD /* AppDelegate.m in Sources */,
				05F4F40F1B82CFE80074C996 /* TextViewController.m in Sources */,
				053EA2551B819E1600BBAF12 /* UIColor+Helper.m in Sources */,
				053EA25C1B81AD8700BBAF12 /* TMPunch.m in Sources */,
				053EA25F1B81B09000BBAF12 /* TMTeam.m in Sources */,
				05F4F4121B82D00E0074C996 /* LocationViewController.m in Sources */,
				050BC3961B79AD8B00A35EFD /* CaptureViewController.m in Sources */,
				050BC3A71B79F71F00A35EFD /* ComposeViewController.m in Sources */,
				050BC3A21B79F6B300A35EFD /* FeedViewController.m in Sources */,
				050BC36B1B799D0E00A35EFD /* main.m in Sources */,
				053EA2621B81B45800BBAF12 /* TMFeed.m in Sources */,
			);
			runOnlyForDeploymentPostprocessing = 0;
		};
		050BC37A1B799D0F00A35EFD /* Sources */ = {
			isa = PBXSourcesBuildPhase;
			buildActionMask = 2147483647;
			files = (
				050BC3851B799D0F00A35EFD /* teamakerTests.m in Sources */,
			);
			runOnlyForDeploymentPostprocessing = 0;
		};
/* End PBXSourcesBuildPhase section */

/* Begin PBXTargetDependency section */
		050BC3801B799D0F00A35EFD /* PBXTargetDependency */ = {
			isa = PBXTargetDependency;
			target = 050BC3641B799D0E00A35EFD /* teamaker */;
			targetProxy = 050BC37F1B799D0F00A35EFD /* PBXContainerItemProxy */;
		};
/* End PBXTargetDependency section */

/* Begin PBXVariantGroup section */
		050BC3721B799D0F00A35EFD /* Main.storyboard */ = {
			isa = PBXVariantGroup;
			children = (
				050BC3731B799D0F00A35EFD /* Base */,
			);
			name = Main.storyboard;
			sourceTree = "<group>";
		};
		050BC3771B799D0F00A35EFD /* LaunchScreen.xib */ = {
			isa = PBXVariantGroup;
			children = (
				050BC3781B799D0F00A35EFD /* Base */,
			);
			name = LaunchScreen.xib;
			sourceTree = "<group>";
		};
/* End PBXVariantGroup section */

/* Begin XCBuildConfiguration section */
		050BC3861B799D0F00A35EFD /* Debug */ = {
			isa = XCBuildConfiguration;
			buildSettings = {
				ALWAYS_SEARCH_USER_PATHS = NO;
				CLANG_CXX_LANGUAGE_STANDARD = "gnu++0x";
				CLANG_CXX_LIBRARY = "libc++";
				CLANG_ENABLE_MODULES = YES;
				CLANG_ENABLE_OBJC_ARC = YES;
				CLANG_WARN_BOOL_CONVERSION = YES;
				CLANG_WARN_CONSTANT_CONVERSION = YES;
				CLANG_WARN_DIRECT_OBJC_ISA_USAGE = YES_ERROR;
				CLANG_WARN_EMPTY_BODY = YES;
				CLANG_WARN_ENUM_CONVERSION = YES;
				CLANG_WARN_INT_CONVERSION = YES;
				CLANG_WARN_OBJC_ROOT_CLASS = YES_ERROR;
				CLANG_WARN_UNREACHABLE_CODE = YES;
				CLANG_WARN__DUPLICATE_METHOD_MATCH = YES;
				"CODE_SIGN_IDENTITY[sdk=iphoneos*]" = "iPhone Developer";
				COPY_PHASE_STRIP = NO;
				DEBUG_INFORMATION_FORMAT = "dwarf-with-dsym";
				ENABLE_STRICT_OBJC_MSGSEND = YES;
				GCC_C_LANGUAGE_STANDARD = gnu99;
				GCC_DYNAMIC_NO_PIC = NO;
				GCC_NO_COMMON_BLOCKS = YES;
				GCC_OPTIMIZATION_LEVEL = 0;
				GCC_PREPROCESSOR_DEFINITIONS = (
					"DEBUG=1",
					"$(inherited)",
				);
				GCC_SYMBOLS_PRIVATE_EXTERN = NO;
				GCC_WARN_64_TO_32_BIT_CONVERSION = YES;
				GCC_WARN_ABOUT_RETURN_TYPE = YES_ERROR;
				GCC_WARN_UNDECLARED_SELECTOR = YES;
				GCC_WARN_UNINITIALIZED_AUTOS = YES_AGGRESSIVE;
				GCC_WARN_UNUSED_FUNCTION = YES;
				GCC_WARN_UNUSED_VARIABLE = YES;
				IPHONEOS_DEPLOYMENT_TARGET = 8.4;
				MTL_ENABLE_DEBUG_INFO = YES;
				ONLY_ACTIVE_ARCH = YES;
				SDKROOT = iphoneos;
			};
			name = Debug;
		};
		050BC3871B799D0F00A35EFD /* Release */ = {
			isa = XCBuildConfiguration;
			buildSettings = {
				ALWAYS_SEARCH_USER_PATHS = NO;
				CLANG_CXX_LANGUAGE_STANDARD = "gnu++0x";
				CLANG_CXX_LIBRARY = "libc++";
				CLANG_ENABLE_MODULES = YES;
				CLANG_ENABLE_OBJC_ARC = YES;
				CLANG_WARN_BOOL_CONVERSION = YES;
				CLANG_WARN_CONSTANT_CONVERSION = YES;
				CLANG_WARN_DIRECT_OBJC_ISA_USAGE = YES_ERROR;
				CLANG_WARN_EMPTY_BODY = YES;
				CLANG_WARN_ENUM_CONVERSION = YES;
				CLANG_WARN_INT_CONVERSION = YES;
				CLANG_WARN_OBJC_ROOT_CLASS = YES_ERROR;
				CLANG_WARN_UNREACHABLE_CODE = YES;
				CLANG_WARN__DUPLICATE_METHOD_MATCH = YES;
				"CODE_SIGN_IDENTITY[sdk=iphoneos*]" = "iPhone Developer";
				COPY_PHASE_STRIP = NO;
				DEBUG_INFORMATION_FORMAT = "dwarf-with-dsym";
				ENABLE_NS_ASSERTIONS = NO;
				ENABLE_STRICT_OBJC_MSGSEND = YES;
				GCC_C_LANGUAGE_STANDARD = gnu99;
				GCC_NO_COMMON_BLOCKS = YES;
				GCC_WARN_64_TO_32_BIT_CONVERSION = YES;
				GCC_WARN_ABOUT_RETURN_TYPE = YES_ERROR;
				GCC_WARN_UNDECLARED_SELECTOR = YES;
				GCC_WARN_UNINITIALIZED_AUTOS = YES_AGGRESSIVE;
				GCC_WARN_UNUSED_FUNCTION = YES;
				GCC_WARN_UNUSED_VARIABLE = YES;
				IPHONEOS_DEPLOYMENT_TARGET = 8.4;
				MTL_ENABLE_DEBUG_INFO = NO;
				SDKROOT = iphoneos;
				VALIDATE_PRODUCT = YES;
			};
			name = Release;
		};
		050BC3891B799D0F00A35EFD /* Debug */ = {
			isa = XCBuildConfiguration;
			baseConfigurationReference = 533495A1F40478DC4EE80904 /* Pods-teamaker.debug.xcconfig */;
			buildSettings = {
				ASSETCATALOG_COMPILER_APPICON_NAME = AppIcon;
				INFOPLIST_FILE = teamaker/Info.plist;
				IPHONEOS_DEPLOYMENT_TARGET = 7.0;
				LD_RUNPATH_SEARCH_PATHS = "$(inherited) @executable_path/Frameworks";
				PRODUCT_NAME = "$(TARGET_NAME)";
			};
			name = Debug;
		};
		050BC38A1B799D0F00A35EFD /* Release */ = {
			isa = XCBuildConfiguration;
			baseConfigurationReference = 6F91AC048B4F28D93ED6CF6D /* Pods-teamaker.release.xcconfig */;
			buildSettings = {
				ASSETCATALOG_COMPILER_APPICON_NAME = AppIcon;
				INFOPLIST_FILE = teamaker/Info.plist;
				IPHONEOS_DEPLOYMENT_TARGET = 7.0;
				LD_RUNPATH_SEARCH_PATHS = "$(inherited) @executable_path/Frameworks";
				PRODUCT_NAME = "$(TARGET_NAME)";
			};
			name = Release;
		};
		050BC38C1B799D0F00A35EFD /* Debug */ = {
			isa = XCBuildConfiguration;
			buildSettings = {
				BUNDLE_LOADER = "$(TEST_HOST)";
				FRAMEWORK_SEARCH_PATHS = (
					"$(SDKROOT)/Developer/Library/Frameworks",
					"$(inherited)",
				);
				GCC_PREPROCESSOR_DEFINITIONS = (
					"DEBUG=1",
					"$(inherited)",
				);
				INFOPLIST_FILE = teamakerTests/Info.plist;
				LD_RUNPATH_SEARCH_PATHS = "$(inherited) @executable_path/Frameworks @loader_path/Frameworks";
				PRODUCT_NAME = "$(TARGET_NAME)";
				TEST_HOST = "$(BUILT_PRODUCTS_DIR)/teamaker.app/teamaker";
			};
			name = Debug;
		};
		050BC38D1B799D0F00A35EFD /* Release */ = {
			isa = XCBuildConfiguration;
			buildSettings = {
				BUNDLE_LOADER = "$(TEST_HOST)";
				FRAMEWORK_SEARCH_PATHS = (
					"$(SDKROOT)/Developer/Library/Frameworks",
					"$(inherited)",
				);
				INFOPLIST_FILE = teamakerTests/Info.plist;
				LD_RUNPATH_SEARCH_PATHS = "$(inherited) @executable_path/Frameworks @loader_path/Frameworks";
				PRODUCT_NAME = "$(TARGET_NAME)";
				TEST_HOST = "$(BUILT_PRODUCTS_DIR)/teamaker.app/teamaker";
			};
			name = Release;
		};
/* End XCBuildConfiguration section */

/* Begin XCConfigurationList section */
		050BC3601B799D0E00A35EFD /* Build configuration list for PBXProject "teamaker" */ = {
			isa = XCConfigurationList;
			buildConfigurations = (
				050BC3861B799D0F00A35EFD /* Debug */,
				050BC3871B799D0F00A35EFD /* Release */,
			);
			defaultConfigurationIsVisible = 0;
			defaultConfigurationName = Release;
		};
		050BC3881B799D0F00A35EFD /* Build configuration list for PBXNativeTarget "teamaker" */ = {
			isa = XCConfigurationList;
			buildConfigurations = (
				050BC3891B799D0F00A35EFD /* Debug */,
				050BC38A1B799D0F00A35EFD /* Release */,
			);
			defaultConfigurationIsVisible = 0;
			defaultConfigurationName = Release;
		};
		050BC38B1B799D0F00A35EFD /* Build configuration list for PBXNativeTarget "teamakerTests" */ = {
			isa = XCConfigurationList;
			buildConfigurations = (
				050BC38C1B799D0F00A35EFD /* Debug */,
				050BC38D1B799D0F00A35EFD /* Release */,
			);
			defaultConfigurationIsVisible = 0;
			defaultConfigurationName = Release;
		};
/* End XCConfigurationList section */
	};
	rootObject = 050BC35D1B799D0E00A35EFD /* Project object */;
}
